version = 1
revision = 3
requires-python = ">=3.13"

[[package]]
name = "annotated-types"
version = "0.7.0"
source = { registry = "https://pypi.org/simple" }
sdist = { url = "https://files.pythonhosted.org/packages/ee/67/531ea369ba64dcff5ec9c3402f9f51bf748cec26dde048a2f973a4eea7f5/annotated_types-0.7.0.tar.gz", hash = "sha256:aff07c09a53a08bc8cfccb9c85b05f1aa9a2a6f23728d790723543408344ce89", size = 16081, upload-time = "2024-05-20T21:33:25.928Z" }
wheels = [
    { url = "https://files.pythonhosted.org/packages/78/b6/6307fbef88d9b5ee7421e68d78a9f162e0da4900bc5f5793f6d3d0e34fb8/annotated_types-0.7.0-py3-none-any.whl", hash = "sha256:1f02e8b43a8fbbc3f3e0d4f0f4bfc8131bcb4eebe8849b8e5c773f3a1c582a53", size = 13643, upload-time = "2024-05-20T21:33:24.1Z" },
]

[[package]]
name = "certifi"
version = "2026.2.25"
source = { registry = "https://pypi.org/simple" }
sdist = { url = "https://files.pythonhosted.org/packages/af/2d/7bf41579a8986e348fa033a31cdd0e4121114f6bce2457e8876010b092dd/certifi-2026.2.25.tar.gz", hash = "sha256:e887ab5cee78ea814d3472169153c2d12cd43b14bd03329a39a9c6e2e80bfba7", size = 155029, upload-time = "2026-02-25T02:54:17.342Z" }
wheels = [
    { url = "https://files.pythonhosted.org/packages/9a/3c/c17fb3ca2d9c3acff52e30b309f538586f9f5b9c9cf454f3845fc9af4881/certifi-2026.2.25-py3-none-any.whl", hash = "sha256:027692e4402ad994f1c42e52a4997a9763c646b73e4096e4d5d6db8af1d6f0fa", size = 153684, upload-time = "2026-02-25T02:54:15.766Z" },
]

[[package]]
name = "charset-normalizer"
version = "3.4.6"
source = { registry = "https://pypi.org/simple" }
sdist = { url = "https://files.pythonhosted.org/packages/7b/60/e3bec1881450851b087e301bedc3daa9377a4d45f1c26aa90b0b235e38aa/charset_normalizer-3.4.6.tar.gz", hash = "sha256:1ae6b62897110aa7c79ea2f5dd38d1abca6db663687c0b1ad9aed6f6bae3d9d6", size = 143363, upload-time = "2026-03-15T18:53:25.478Z" }
wheels = [
    { url = "https://files.pythonhosted.org/packages/1e/1d/4fdabeef4e231153b6ed7567602f3b68265ec4e5b76d6024cf647d43d981/charset_normalizer-3.4.6-cp313-cp313-macosx_10_13_universal2.whl", hash = "sha256:11afb56037cbc4b1555a34dd69151e8e069bee82e613a73bef6e714ce733585f", size = 294823, upload-time = "2026-03-15T18:51:15.755Z" },
    { url = "https://files.pythonhosted.org/packages/47/7b/20e809b89c69d37be748d98e84dce6820bf663cf19cf6b942c951a3e8f41/charset_normalizer-3.4.6-cp313-cp313-manylinux2014_aarch64.manylinux_2_17_aarch64.manylinux_2_28_aarch64.whl", hash = "sha256:423fb7e748a08f854a08a222b983f4df1912b1daedce51a72bd24fe8f26a1843", size = 198527, upload-time = "2026-03-15T18:51:17.177Z" },
    { url = "https://files.pythonhosted.org/packages/37/a6/4f8d27527d59c039dce6f7622593cdcd3d70a8504d87d09eb11e9fdc6062/charset_normalizer-3.4.6-cp313-cp313-manylinux2014_ppc64le.manylinux_2_17_ppc64le.manylinux_2_28_ppc64le.whl", hash = "sha256:d73beaac5e90173ac3deb9928a74763a6d230f494e4bfb422c217a0ad8e629bf", size = 218388, upload-time = "2026-03-15T18:51:18.934Z" },
    { url = "https://files.pythonhosted.org/packages/f6/9b/4770ccb3e491a9bacf1c46cc8b812214fe367c86a96353ccc6daf87b01ec/charset_normalizer-3.4.6-cp313-cp313-manylinux2014_s390x.manylinux_2_17_s390x.manylinux_2_28_s390x.whl", hash = "sha256:d60377dce4511655582e300dc1e5a5f24ba0cb229005a1d5c8d0cb72bb758ab8", size = 214563, upload-time = "2026-03-15T18:51:20.374Z" },
    { url = "https://files.pythonhosted.org/packages/2b/58/a199d245894b12db0b957d627516c78e055adc3a0d978bc7f65ddaf7c399/charset_normalizer-3.4.6-cp313-cp313-manylinux2014_x86_64.manylinux_2_17_x86_64.manylinux_2_28_x86_64.whl", hash = "sha256:530e8cebeea0d76bdcf93357aa5e41336f48c3dc709ac52da2bb167c5b8271d9", size = 206587, upload-time = "2026-03-15T18:51:21.807Z" },
    { url = "https://files.pythonhosted.org/packages/7e/70/3def227f1ec56f5c69dfc8392b8bd63b11a18ca8178d9211d7cc5e5e4f27/charset_normalizer-3.4.6-cp313-cp313-manylinux_2_31_armv7l.whl", hash = "sha256:a26611d9987b230566f24a0a125f17fe0de6a6aff9f25c9f564aaa2721a5fb88", size = 194724, upload-time = "2026-03-15T18:51:23.508Z" },
    { url = "https://files.pythonhosted.org/packages/58/ab/9318352e220c05efd31c2779a23b50969dc94b985a2efa643ed9077bfca5/charset_normalizer-3.4.6-cp313-cp313-manylinux_2_31_riscv64.manylinux_2_39_riscv64.whl", hash = "sha256:34315ff4fc374b285ad7f4a0bf7dcbfe769e1b104230d40f49f700d4ab6bbd84", size = 202956, upload-time = "2026-03-15T18:51:25.239Z" },
    { url = "https://files.pythonhosted.org/packages/75/13/f3550a3ac25b70f87ac98c40d3199a8503676c2f1620efbf8d42095cfc40/charset_normalizer-3.4.6-cp313-cp313-musllinux_1_2_aarch64.whl", hash = "sha256:5f8ddd609f9e1af8c7bd6e2aca279c931aefecd148a14402d4e368f3171769fd", size = 201923, upload-time = "2026-03-15T18:51:26.682Z" },
    { url = "https://files.pythonhosted.org/packages/1b/db/c5c643b912740b45e8eec21de1bbab8e7fc085944d37e1e709d3dcd9d72f/charset_normalizer-3.4.6-cp313-cp313-musllinux_1_2_armv7l.whl", hash = "sha256:80d0a5615143c0b3225e5e3ef22c8d5d51f3f72ce0ea6fb84c943546c7b25b6c", size = 195366, upload-time = "2026-03-15T18:51:28.129Z" },
    { url = "https://files.pythonhosted.org/packages/5a/67/3b1c62744f9b2448443e0eb160d8b001c849ec3fef591e012eda6484787c/charset_normalizer-3.4.6-cp313-cp313-musllinux_1_2_ppc64le.whl", hash = "sha256:92734d4d8d187a354a556626c221cd1a892a4e0802ccb2af432a1d85ec012194", size = 219752, upload-time = "2026-03-15T18:51:29.556Z" },
    { url = "https://files.pythonhosted.org/packages/f6/98/32ffbaf7f0366ffb0445930b87d103f6b406bc2c271563644bde8a2b1093/charset_normalizer-3.4.6-cp313-cp313-musllinux_1_2_riscv64.whl", hash = "sha256:613f19aa6e082cf96e17e3ffd89383343d0d589abda756b7764cf78361fd41dc", size = 203296, upload-time = "2026-03-15T18:51:30.921Z" },
    { url = "https://files.pythonhosted.org/packages/41/12/5d308c1bbe60cabb0c5ef511574a647067e2a1f631bc8634fcafaccd8293/charset_normalizer-3.4.6-cp313-cp313-musllinux_1_2_s390x.whl", hash = "sha256:2b1a63e8224e401cafe7739f77efd3f9e7f5f2026bda4aead8e59afab537784f", size = 215956, upload-time = "2026-03-15T18:51:32.399Z" },
    { url = "https://files.pythonhosted.org/packages/53/e9/5f85f6c5e20669dbe56b165c67b0260547dea97dba7e187938833d791687/charset_normalizer-3.4.6-cp313-cp313-musllinux_1_2_x86_64.whl", hash = "sha256:6cceb5473417d28edd20c6c984ab6fee6c6267d38d906823ebfe20b03d607dc2", size = 208652, upload-time = "2026-03-15T18:51:34.214Z" },
    { url = "https://files.pythonhosted.org/packages/f1/11/897052ea6af56df3eef3ca94edafee410ca699ca0c7b87960ad19932c55e/charset_normalizer-3.4.6-cp313-cp313-win32.whl", hash = "sha256:d7de2637729c67d67cf87614b566626057e95c303bc0a55ffe391f5205e7003d", size = 143940, upload-time = "2026-03-15T18:51:36.15Z" },
    { url = "https://files.pythonhosted.org/packages/a1/5c/724b6b363603e419829f561c854b87ed7c7e31231a7908708ac086cdf3e2/charset_normalizer-3.4.6-cp313-cp313-win_amd64.whl", hash = "sha256:572d7c822caf521f0525ba1bce1a622a0b85cf47ffbdae6c9c19e3b5ac3c4389", size = 154101, upload-time = "2026-03-15T18:51:37.876Z" },
    { url = "https://files.pythonhosted.org/packages/01/a5/7abf15b4c0968e47020f9ca0935fb3274deb87cb288cd187cad92e8cdffd/charset_normalizer-3.4.6-cp313-cp313-win_arm64.whl", hash = "sha256:a4474d924a47185a06411e0064b803c68be044be2d60e50e8bddcc2649957c1f", size = 143109, upload-time = "2026-03-15T18:51:39.565Z" },
    { url = "https://files.pythonhosted.org/packages/25/6f/ffe1e1259f384594063ea1869bfb6be5cdb8bc81020fc36c3636bc8302a1/charset_normalizer-3.4.6-cp314-cp314-macosx_10_15_universal2.whl", hash = "sha256:9cc6e6d9e571d2f863fa77700701dae73ed5f78881efc8b3f9a4398772ff53e8", size = 294458, upload-time = "2026-03-15T18:51:41.134Z" },
    { url = "https://files.pythonhosted.org/packages/56/60/09bb6c13a8c1016c2ed5c6a6488e4ffef506461aa5161662bd7636936fb1/charset_normalizer-3.4.6-cp314-cp314-manylinux2014_aarch64.manylinux_2_17_aarch64.manylinux_2_28_aarch64.whl", hash = "sha256:ef5960d965e67165d75b7c7ffc60a83ec5abfc5c11b764ec13ea54fbef8b4421", size = 199277, upload-time = "2026-03-15T18:51:42.953Z" },
    { url = "https://files.pythonhosted.org/packages/00/50/dcfbb72a5138bbefdc3332e8d81a23494bf67998b4b100703fd15fa52d81/charset_normalizer-3.4.6-cp314-cp314-manylinux2014_ppc64le.manylinux_2_17_ppc64le.manylinux_2_28_ppc64le.whl", hash = "sha256:b3694e3f87f8ac7ce279d4355645b3c878d24d1424581b46282f24b92f5a4ae2", size = 218758, upload-time = "2026-03-15T18:51:44.339Z" },
    { url = "https://files.pythonhosted.org/packages/03/b3/d79a9a191bb75f5aa81f3aaaa387ef29ce7cb7a9e5074ba8ea095cc073c2/charset_normalizer-3.4.6-cp314-cp314-manylinux2014_s390x.manylinux_2_17_s390x.manylinux_2_28_s390x.whl", hash = "sha256:5d11595abf8dd942a77883a39d81433739b287b6aa71620f15164f8096221b30", size = 215299, upload-time = "2026-03-15T18:51:45.871Z" },
    { url = "https://files.pythonhosted.org/packages/76/7e/bc8911719f7084f72fd545f647601ea3532363927f807d296a8c88a62c0d/charset_normalizer-3.4.6-cp314-cp314-manylinux2014_x86_64.manylinux_2_17_x86_64.manylinux_2_28_x86_64.whl", hash = "sha256:7bda6eebafd42133efdca535b04ccb338ab29467b3f7bf79569883676fc628db", size = 206811, upload-time = "2026-03-15T18:51:47.308Z" },
    { url = "https://files.pythonhosted.org/packages/e2/40/c430b969d41dda0c465aa36cc7c2c068afb67177bef50905ac371b28ccc7/charset_normalizer-3.4.6-cp314-cp314-manylinux_2_31_armv7l.whl", hash = "sha256:bbc8c8650c6e51041ad1be191742b8b421d05bbd3410f43fa2a00c8db87678e8", size = 193706, upload-time = "2026-03-15T18:51:48.849Z" },
    { url = "https://files.pythonhosted.org/packages/48/15/e35e0590af254f7df984de1323640ef375df5761f615b6225ba8deb9799a/charset_normalizer-3.4.6-cp314-cp314-manylinux_2_31_riscv64.manylinux_2_39_riscv64.whl", hash = "sha256:22c6f0c2fbc31e76c3b8a86fba1a56eda6166e238c29cdd3d14befdb4a4e4815", size = 202706, upload-time = "2026-03-15T18:51:50.257Z" },
    { url = "https://files.pythonhosted.org/packages/5e/bd/f736f7b9cc5e93a18b794a50346bb16fbfd6b37f99e8f306f7951d27c17c/charset_normalizer-3.4.6-cp314-cp314-musllinux_1_2_aarch64.whl", hash = "sha256:7edbed096e4a4798710ed6bc75dcaa2a21b68b6c356553ac4823c3658d53743a", size = 202497, upload-time = "2026-03-15T18:51:52.012Z" },
    { url = "https://files.pythonhosted.org/packages/9d/ba/2cc9e3e7dfdf7760a6ed8da7446d22536f3d0ce114ac63dee2a5a3599e62/charset_normalizer-3.4.6-cp314-cp314-musllinux_1_2_armv7l.whl", hash = "sha256:7f9019c9cb613f084481bd6a100b12e1547cf2efe362d873c2e31e4035a6fa43", size = 193511, upload-time = "2026-03-15T18:51:53.723Z" },
    { url = "https://files.pythonhosted.org/packages/9e/cb/5be49b5f776e5613be07298c80e1b02a2d900f7a7de807230595c85a8b2e/charset_normalizer-3.4.6-cp314-cp314-musllinux_1_2_ppc64le.whl", hash = "sha256:58c948d0d086229efc484fe2f30c2d382c86720f55cd9bc33591774348ad44e0", size = 220133, upload-time = "2026-03-15T18:51:55.333Z" },
    { url = "https://files.pythonhosted.org/packages/83/43/99f1b5dad345accb322c80c7821071554f791a95ee50c1c90041c157ae99/charset_normalizer-3.4.6-cp314-cp314-musllinux_1_2_riscv64.whl", hash = "sha256:419a9d91bd238052642a51938af8ac05da5b3343becde08d5cdeab9046df9ee1", size = 203035, upload-time = "2026-03-15T18:51:56.736Z" },
    { url = "https://files.pythonhosted.org/packages/87/9a/62c2cb6a531483b55dddff1a68b3d891a8b498f3ca555fbcf2978e804d9d/charset_normalizer-3.4.6-cp314-cp314-musllinux_1_2_s390x.whl", hash = "sha256:5273b9f0b5835ff0350c0828faea623c68bfa65b792720c453e22b25cc72930f", size = 216321, upload-time = "2026-03-15T18:51:58.17Z" },
    { url = "https://files.pythonhosted.org/packages/6e/79/94a010ff81e3aec7c293eb82c28f930918e517bc144c9906a060844462eb/charset_normalizer-3.4.6-cp314-cp314-musllinux_1_2_x86_64.whl", hash = "sha256:0e901eb1049fdb80f5bd11ed5ea1e498ec423102f7a9b9e4645d5b8204ff2815", size = 208973, upload-time = "2026-03-15T18:51:59.998Z" },
    { url = "https://files.pythonhosted.org/packages/2a/57/4ecff6d4ec8585342f0c71bc03efaa99cb7468f7c91a57b105bcd561cea8/charset_normalizer-3.4.6-cp314-cp314-win32.whl", hash = "sha256:b4ff1d35e8c5bd078be89349b6f3a845128e685e751b6ea1169cf2160b344c4d", size = 144610, upload-time = "2026-03-15T18:52:02.213Z" },
    { url = "https://files.pythonhosted.org/packages/80/94/8434a02d9d7f168c25767c64671fead8d599744a05d6a6c877144c754246/charset_normalizer-3.4.6-cp314-cp314-win_amd64.whl", hash = "sha256:74119174722c4349af9708993118581686f343adc1c8c9c007d59be90d077f3f", size = 154962, upload-time = "2026-03-15T18:52:03.658Z" },
    { url = "https://files.pythonhosted.org/packages/46/4c/48f2cdbfd923026503dfd67ccea45c94fd8fe988d9056b468579c66ed62b/charset_normalizer-3.4.6-cp314-cp314-win_arm64.whl", hash = "sha256:e5bcc1a1ae744e0bb59641171ae53743760130600da8db48cbb6e4918e186e4e", size = 143595, upload-time = "2026-03-15T18:52:05.123Z" },
    { url = "https://files.pythonhosted.org/packages/31/93/8878be7569f87b14f1d52032946131bcb6ebbd8af3e20446bc04053dc3f1/charset_normalizer-3.4.6-cp314-cp314t-macosx_10_15_universal2.whl", hash = "sha256:ad8faf8df23f0378c6d527d8b0b15ea4a2e23c89376877c598c4870d1b2c7866", size = 314828, upload-time = "2026-03-15T18:52:06.831Z" },
    { url = "https://files.pythonhosted.org/packages/06/b6/fae511ca98aac69ecc35cde828b0a3d146325dd03d99655ad38fc2cc3293/charset_normalizer-3.4.6-cp314-cp314t-manylinux2014_aarch64.manylinux_2_17_aarch64.manylinux_2_28_aarch64.whl", hash = "sha256:f5ea69428fa1b49573eef0cc44a1d43bebd45ad0c611eb7d7eac760c7ae771bc", size = 208138, upload-time = "2026-03-15T18:52:08.239Z" },
    { url = "https://files.pythonhosted.org/packages/54/57/64caf6e1bf07274a1e0b7c160a55ee9e8c9ec32c46846ce59b9c333f7008/charset_normalizer-3.4.6-cp314-cp314t-manylinux2014_ppc64le.manylinux_2_17_ppc64le.manylinux_2_28_ppc64le.whl", hash = "sha256:06a7e86163334edfc5d20fe104db92fcd666e5a5df0977cb5680a506fe26cc8e", size = 224679, upload-time = "2026-03-15T18:52:10.043Z" },
    { url = "https://files.pythonhosted.org/packages/aa/cb/9ff5a25b9273ef160861b41f6937f86fae18b0792fe0a8e75e06acb08f1d/charset_normalizer-3.4.6-cp314-cp314t-manylinux2014_s390x.manylinux_2_17_s390x.manylinux_2_28_s390x.whl", hash = "sha256:e1f6e2f00a6b8edb562826e4632e26d063ac10307e80f7461f7de3ad8ef3f077", size = 223475, upload-time = "2026-03-15T18:52:11.854Z" },
    { url = "https://files.pythonhosted.org/packages/fc/97/440635fc093b8d7347502a377031f9605a1039c958f3cd18dcacffb37743/charset_normalizer-3.4.6-cp314-cp314t-manylinux2014_x86_64.manylinux_2_17_x86_64.manylinux_2_28_x86_64.whl", hash = "sha256:95b52c68d64c1878818687a473a10547b3292e82b6f6fe483808fb1468e2f52f", size = 215230, upload-time = "2026-03-15T18:52:13.325Z" },
    { url = "https://files.pythonhosted.org/packages/cd/24/afff630feb571a13f07c8539fbb502d2ab494019492aaffc78ef41f1d1d0/charset_normalizer-3.4.6-cp314-cp314t-manylinux_2_31_armv7l.whl", hash = "sha256:7504e9b7dc05f99a9bbb4525c67a2c155073b44d720470a148b34166a69c054e", size = 199045, upload-time = "2026-03-15T18:52:14.752Z" },
    { url = "https://files.pythonhosted.org/packages/e5/17/d1399ecdaf7e0498c327433e7eefdd862b41236a7e484355b8e0e5ebd64b/charset_normalizer-3.4.6-cp314-cp314t-manylinux_2_31_riscv64.manylinux_2_39_riscv64.whl", hash = "sha256:172985e4ff804a7ad08eebec0a1640ece87ba5041d565fff23c8f99c1f389484", size = 211658, upload-time = "2026-03-15T18:52:16.278Z" },
    { url = "https://files.pythonhosted.org/packages/b5/38/16baa0affb957b3d880e5ac2144caf3f9d7de7bc4a91842e447fbb5e8b67/charset_normalizer-3.4.6-cp314-cp314t-musllinux_1_2_aarch64.whl", hash = "sha256:4be9f4830ba8741527693848403e2c457c16e499100963ec711b1c6f2049b7c7", size = 210769, upload-time = "2026-03-15T18:52:17.782Z" },
    { url = "https://files.pythonhosted.org/packages/05/34/c531bc6ac4c21da9ddfddb3107be2287188b3ea4b53b70fc58f2a77ac8d8/charset_normalizer-3.4.6-cp314-cp314t-musllinux_1_2_armv7l.whl", hash = "sha256:79090741d842f564b1b2827c0b82d846405b744d31e84f18d7a7b41c20e473ff", size = 201328, upload-time = "2026-03-15T18:52:19.553Z" },
    { url = "https://files.pythonhosted.org/packages/fa/73/a5a1e9ca5f234519c1953608a03fe109c306b97fdfb25f09182babad51a7/charset_normalizer-3.4.6-cp314-cp314t-musllinux_1_2_ppc64le.whl", hash = "sha256:87725cfb1a4f1f8c2fc9890ae2f42094120f4b44db9360be5d99a4c6b0e03a9e", size = 225302, upload-time = "2026-03-15T18:52:21.043Z" },
    { url = "https://files.pythonhosted.org/packages/ba/f6/cd782923d112d296294dea4bcc7af5a7ae0f86ab79f8fefbda5526b6cfc0/charset_normalizer-3.4.6-cp314-cp314t-musllinux_1_2_riscv64.whl", hash = "sha256:fcce033e4021347d80ed9c66dcf1e7b1546319834b74445f561d2e2221de5659", size = 211127, upload-time = "2026-03-15T18:52:22.491Z" },
    { url = "https://files.pythonhosted.org/packages/0e/c5/0b6898950627af7d6103a449b22320372c24c6feda91aa24e201a478d161/charset_normalizer-3.4.6-cp314-cp314t-musllinux_1_2_s390x.whl", hash = "sha256:ca0276464d148c72defa8bb4390cce01b4a0e425f3b50d1435aa6d7a18107602", size = 222840, upload-time = "2026-03-15T18:52:24.113Z" },
    { url = "https://files.pythonhosted.org/packages/7d/25/c4bba773bef442cbdc06111d40daa3de5050a676fa26e85090fc54dd12f0/charset_normalizer-3.4.6-cp314-cp314t-musllinux_1_2_x86_64.whl", hash = "sha256:197c1a244a274bb016dd8b79204850144ef77fe81c5b797dc389327adb552407", size = 216890, upload-time = "2026-03-15T18:52:25.541Z" },
    { url = "https://files.pythonhosted.org/packages/35/1a/05dacadb0978da72ee287b0143097db12f2e7e8d3ffc4647da07a383b0b7/charset_normalizer-3.4.6-cp314-cp314t-win32.whl", hash = "sha256:2a24157fa36980478dd1770b585c0f30d19e18f4fb0c47c13aa568f871718579", size = 155379, upload-time = "2026-03-15T18:52:27.05Z" },
    { url = "https://files.pythonhosted.org/packages/5d/7a/d269d834cb3a76291651256f3b9a5945e81d0a49ab9f4a498964e83c0416/charset_normalizer-3.4.6-cp314-cp314t-win_amd64.whl", hash = "sha256:cd5e2801c89992ed8c0a3f0293ae83c159a60d9a5d685005383ef4caca77f2c4", size = 169043, upload-time = "2026-03-15T18:52:28.502Z" },
    { url = "https://files.pythonhosted.org/packages/23/06/28b29fba521a37a8932c6a84192175c34d49f84a6d4773fa63d05f9aff22/charset_normalizer-3.4.6-cp314-cp314t-win_arm64.whl", hash = "sha256:47955475ac79cc504ef2704b192364e51d0d473ad452caedd0002605f780101c", size = 148523, upload-time = "2026-03-15T18:52:29.956Z" },
    { url = "https://files.pythonhosted.org/packages/2a/68/687187c7e26cb24ccbd88e5069f5ef00eba804d36dde11d99aad0838ab45/charset_normalizer-3.4.6-py3-none-any.whl", hash = "sha256:947cf925bc916d90adba35a64c82aace04fa39b46b52d4630ece166655905a69", size = 61455, upload-time = "2026-03-15T18:53:23.833Z" },
]

[[package]]
name = "daily-realtor"
version = "0.1.0"
source = { virtual = "." }
dependencies = [
    { name = "pydantic" },
    { name = "requests" },
]

[package.metadata]
requires-dist = [
    { name = "pydantic", specifier = "==2.13.3" },
    { name = "requests", specifier = "==2.33.1" },
]

[[package]]
name = "idna"
version = "3.11"
source = { registry = "https://pypi.org/simple" }
sdist = { url = "https://files.pythonhosted.org/packages/6f/6d/0703ccc57f3a7233505399edb88de3cbd678da106337b9fcde432b65ed60/idna-3.11.tar.gz", hash = "sha256:795dafcc9c04ed0c1fb032c2aa73654d8e8c5023a7df64a53f39190ada629902", size = 194582, upload-time = "2025-10-12T14:55:20.501Z" }
wheels = [
    { url = "https://files.pythonhosted.org/packages/0e/61/66938bbb5fc52dbdf84594873d5b51fb1f7c7794e9c0f5bd885f30bc507b/idna-3.11-py3-none-any.whl", hash = "sha256:771a87f49d9defaf64091e6e6fe9c18d4833f140bd19464795bc32d966ca37ea", size = 71008, upload-time = "2025-10-12T14:55:18.883Z" },
]

[[package]]
name = "pydantic"
version = "2.13.3"
source = { registry = "https://pypi.org/simple" }
dependencies = [
    { name = "annotated-types" },
    { name = "pydantic-core" },
    { name = "typing-extensions" },
    { name = "typing-inspection" },
]
sdist = { url = "https://files.pythonhosted.org/packages/d9/e4/40d09941a2cebcb20609b86a559817d5b9291c49dd6f8c87e5feffbe703a/pydantic-2.13.3.tar.gz", hash = "sha256:af09e9d1d09f4e7fe37145c1f577e1d61ceb9a41924bf0094a36506285d0a84d", size = 844068, upload-time = "2026-04-20T14:46:43.632Z" }
wheels = [
    { url = "https://files.pythonhosted.org/packages/f3/0a/fd7d723f8f8153418fb40cf9c940e82004fce7e987026b08a68a36dd3fe7/pydantic-2.13.3-py3-none-any.whl", hash = "sha256:6db14ac8dfc9a1e57f87ea2c0de670c251240f43cb0c30a5130e9720dc612927", size = 471981, upload-time = "2026-04-20T14:46:41.402Z" },
]

[[package]]
name = "pydantic-core"
version = "2.46.3"
source = { registry = "https://pypi.org/simple" }
dependencies = [
    { name = "typing-extensions" },
]
sdist = { url = "https://files.pythonhosted.org/packages/2a/ef/f7abb56c49382a246fd2ce9c799691e3c3e7175ec74b14d99e798bcddb1a/pydantic_core-2.46.3.tar.gz", hash = "sha256:41c178f65b8c29807239d47e6050262eb6bf84eb695e41101e62e38df4a5bc2c", size = 471412, upload-time = "2026-04-20T14:40:56.672Z" }
wheels = [
    { url = "https://files.pythonhosted.org/packages/9b/3c/9b5e8eb9821936d065439c3b0fb1490ffa64163bfe7e1595985a47896073/pydantic_core-2.46.3-cp313-cp313-macosx_10_12_x86_64.whl", hash = "sha256:12bc98de041458b80c86c56b24df1d23832f3e166cbaff011f25d187f5c62c37", size = 2102109, upload-time = "2026-04-20T14:41:24.219Z" },
    { url = "https://files.pythonhosted.org/packages/91/97/1c41d1f5a19f241d8069f1e249853bcce378cdb76eec8ab636d7bc426280/pydantic_core-2.46.3-cp313-cp313-macosx_11_0_arm64.whl", hash = "sha256:85348b8f89d2c3508b65b16c3c33a4da22b8215138d8b996912bb1532868885f", size = 1951820, upload-time = "2026-04-20T14:42:14.236Z" },
    { url = "https://files.pythonhosted.org/packages/30/b4/d03a7ae14571bc2b6b3c7b122441154720619afe9a336fa3a95434df5e2f/pydantic_core-2.46.3-cp313-cp313-manylinux_2_17_aarch64.manylinux2014_aarch64.whl", hash = "sha256:1105677a6df914b1fb71a81b96c8cce7726857e1717d86001f29be06a25ee6f8", size = 1977785, upload-time = "2026-04-20T14:42:31.648Z" },
    { url = "https://files.pythonhosted.org/packages/ae/0c/4086f808834b59e3c8f1aa26df8f4b6d998cdcf354a143d18ef41529d1fe/pydantic_core-2.46.3-cp313-cp313-manylinux_2_17_armv7l.manylinux2014_armv7l.whl", hash = "sha256:87082cd65669a33adeba5470769e9704c7cf026cc30afb9cc77fd865578ebaad", size = 2062761, upload-time = "2026-04-20T14:40:37.093Z" },
    { url = "https://files.pythonhosted.org/packages/fa/71/a649be5a5064c2df0db06e0a512c2281134ed2fcc981f52a657936a7527c/pydantic_core-2.46.3-cp313-cp313-manylinux_2_17_ppc64le.manylinux2014_ppc64le.whl", hash = "sha256:60e5f66e12c4f5212d08522963380eaaeac5ebd795826cfd19b2dfb0c7a52b9c", size = 2232989, upload-time = "2026-04-20T14:42:59.254Z" },
    { url = "https://files.pythonhosted.org/packages/a2/84/7756e75763e810b3a710f4724441d1ecc5883b94aacb07ca71c5fb5cfb69/pydantic_core-2.46.3-cp313-cp313-manylinux_2_17_s390x.manylinux2014_s390x.whl", hash = "sha256:b6cdf19bf84128d5e7c37e8a73a0c5c10d51103a650ac585d42dd6ae233f2b7f", size = 2303975, upload-time = "2026-04-20T14:41:32.287Z" },
    { url = "https://files.pythonhosted.org/packages/6c/35/68a762e0c1e31f35fa0dac733cbd9f5b118042853698de9509c8e5bf128b/pydantic_core-2.46.3-cp313-cp313-manylinux_2_17_x86_64.manylinux2014_x86_64.whl", hash = "sha256:031bb17f4885a43773c8c763089499f242aee2ea85cf17154168775dccdecf35", size = 2095325, upload-time = "2026-04-20T14:42:47.685Z" },
    { url = "https://files.pythonhosted.org/packages/77/bf/1bf8c9a8e91836c926eae5e3e51dce009bf495a60ca56060689d3df3f340/pydantic_core-2.46.3-cp313-cp313-manylinux_2_31_riscv64.whl", hash = "sha256:bcf2a8b2982a6673693eae7348ef3d8cf3979c1d63b54fca7c397a635cc68687", size = 2133368, upload-time = "2026-04-20T14:41:22.766Z" },
    { url = "https://files.pythonhosted.org/packages/e5/50/87d818d6bab915984995157ceb2380f5aac4e563dddbed6b56f0ed057aba/pydantic_core-2.46.3-cp313-cp313-manylinux_2_5_i686.manylinux1_i686.whl", hash = "sha256:28e8cf2f52d72ced402a137145923a762cbb5081e48b34312f7a0c8f55928ec3", size = 2173908, upload-time = "2026-04-20T14:42:52.044Z" },
    { url = "https://files.pythonhosted.org/packages/91/88/a311fb306d0bd6185db41fa14ae888fb81d0baf648a761ae760d30819d33/pydantic_core-2.46.3-cp313-cp313-musllinux_1_1_aarch64.whl", hash = "sha256:17eaface65d9fc5abb940003020309c1bf7a211f5f608d7870297c367e6f9022", size = 2186422, upload-time = "2026-04-20T14:43:29.55Z" },
    { url = "https://files.pythonhosted.org/packages/8f/79/28fd0d81508525ab2054fef7c77a638c8b5b0afcbbaeee493cf7c3fef7e1/pydantic_core-2.46.3-cp313-cp313-musllinux_1_1_armv7l.whl", hash = "sha256:93fd339f23408a07e98950a89644f92c54d8729719a40b30c0a30bb9ebc55d23", size = 2332709, upload-time = "2026-04-20T14:42:16.134Z" },
    { url = "https://files.pythonhosted.org/packages/b3/21/795bf5fe5c0f379308b8ef19c50dedab2e7711dbc8d0c2acf08f1c7daa05/pydantic_core-2.46.3-cp313-cp313-musllinux_1_1_x86_64.whl", hash = "sha256:23cbdb3aaa74dfe0837975dbf69b469753bbde8eacace524519ffdb6b6e89eb7", size = 2372428, upload-time = "2026-04-20T14:41:10.974Z" },
    { url = "https://files.pythonhosted.org/packages/45/b3/ed14c659cbe7605e3ef063077680a64680aec81eb1a04763a05190d49b7f/pydantic_core-2.46.3-cp313-cp313-win32.whl", hash = "sha256:610eda2e3838f401105e6326ca304f5da1e15393ae25dacae5c5c63f2c275b13", size = 1965601, upload-time = "2026-04-20T14:41:42.128Z" },
    { url = "https://files.pythonhosted.org/packages/ef/bb/adb70d9a762ddd002d723fbf1bd492244d37da41e3af7b74ad212609027e/pydantic_core-2.46.3-cp313-cp313-win_amd64.whl", hash = "sha256:68cc7866ed863db34351294187f9b729964c371ba33e31c26f478471c52e1ed0", size = 2071517, upload-time = "2026-04-20T14:43:36.096Z" },
    { url = "https://files.pythonhosted.org/packages/52/eb/66faefabebfe68bd7788339c9c9127231e680b11906368c67ce112fdb47f/pydantic_core-2.46.3-cp313-cp313-win_arm64.whl", hash = "sha256:f64b5537ac62b231572879cd08ec05600308636a5d63bcbdb15063a466977bec", size = 2035802, upload-time = "2026-04-20T14:43:38.507Z" },
    { url = "https://files.pythonhosted.org/packages/7f/db/a7bcb4940183fda36022cd18ba8dd12f2dff40740ec7b58ce7457befa416/pydantic_core-2.46.3-cp314-cp314-macosx_10_12_x86_64.whl", hash = "sha256:afa3aa644f74e290cdede48a7b0bee37d1c35e71b05105f6b340d484af536d9b", size = 2097614, upload-time = "2026-04-20T14:44:38.374Z" },
    { url = "https://files.pythonhosted.org/packages/24/35/e4066358a22e3e99519db370494c7528f5a2aa1367370e80e27e20283543/pydantic_core-2.46.3-cp314-cp314-macosx_11_0_arm64.whl", hash = "sha256:ced3310e51aa425f7f77da8bbbb5212616655bedbe82c70944320bc1dbe5e018", size = 1951896, upload-time = "2026-04-20T14:40:53.996Z" },
    { url = "https://files.pythonhosted.org/packages/87/92/37cf4049d1636996e4b888c05a501f40a43ff218983a551d57f9d5e14f0d/pydantic_core-2.46.3-cp314-cp314-manylinux_2_17_aarch64.manylinux2014_aarch64.whl", hash = "sha256:e29908922ce9da1a30b4da490bd1d3d82c01dcfdf864d2a74aacee674d0bfa34", size = 1979314, upload-time = "2026-04-20T14:41:49.446Z" },
    { url = "https://files.pythonhosted.org/packages/d8/36/9ff4d676dfbdfb2d591cf43f3d90ded01e15b1404fd101180ed2d62a2fd3/pydantic_core-2.46.3-cp314-cp314-manylinux_2_17_armv7l.manylinux2014_armv7l.whl", hash = "sha256:0c9ff69140423eea8ed2d5477df3ba037f671f5e897d206d921bc9fdc39613e7", size = 2056133, upload-time = "2026-04-20T14:42:23.574Z" },
    { url = "https://files.pythonhosted.org/packages/bc/f0/405b442a4d7ba855b06eec8b2bf9c617d43b8432d099dfdc7bf999293495/pydantic_core-2.46.3-cp314-cp314-manylinux_2_17_ppc64le.manylinux2014_ppc64le.whl", hash = "sha256:b675ab0a0d5b1c8fdb81195dc5bcefea3f3c240871cdd7ff9a2de8aa50772eb2", size = 2228726, upload-time = "2026-04-20T14:44:22.816Z" },
    { url = "https://files.pythonhosted.org/packages/e7/f8/65cd92dd5a0bd89ba277a98ecbfaf6fc36bbd3300973c7a4b826d6ab1391/pydantic_core-2.46.3-cp314-cp314-manylinux_2_17_s390x.manylinux2014_s390x.whl", hash = "sha256:0087084960f209a9a4af50ecd1fb063d9ad3658c07bb81a7a53f452dacbfb2ba", size = 2301214, upload-time = "2026-04-20T14:44:48.792Z" },
    { url = "https://files.pythonhosted.org/packages/fd/86/ef96a4c6e79e7a2d0410826a68fbc0eccc0fd44aa733be199d5fcac3bb87/pydantic_core-2.46.3-cp314-cp314-manylinux_2_17_x86_64.manylinux2014_x86_64.whl", hash = "sha256:ed42e6cc8e1b0e2b9b96e2276bad70ae625d10d6d524aed0c93de974ae029f9f", size = 2099927, upload-time = "2026-04-20T14:41:40.196Z" },
    { url = "https://files.pythonhosted.org/packages/6d/53/269caf30e0096e0a8a8f929d1982a27b3879872cca2d917d17c2f9fdf4fe/pydantic_core-2.46.3-cp314-cp314-manylinux_2_31_riscv64.whl", hash = "sha256:f1771ce258afb3e4201e67d154edbbae712a76a6081079fe247c2f53c6322c22", size = 2128789, upload-time = "2026-04-20T14:41:15.868Z" },
    { url = "https://files.pythonhosted.org/packages/00/b0/1a6d9b6a587e118482910c244a1c5acf4d192604174132efd12bf0ac486f/pydantic_core-2.46.3-cp314-cp314-manylinux_2_5_i686.manylinux1_i686.whl", hash = "sha256:a7610b6a5242a6c736d8ad47fd5fff87fcfe8f833b281b1c409c3d6835d9227f", size = 2173815, upload-time = "2026-04-20T14:44:25.152Z" },
    { url = "https://files.pythonhosted.org/packages/87/56/e7e00d4041a7e62b5a40815590114db3b535bf3ca0bf4dca9f16cef25246/pydantic_core-2.46.3-cp314-cp314-musllinux_1_1_aarch64.whl", hash = "sha256:ff5e7783bcc5476e1db448bf268f11cb257b1c276d3e89f00b5727be86dd0127", size = 2181608, upload-time = "2026-04-20T14:41:28.933Z" },
    { url = "https://files.pythonhosted.org/packages/e8/22/4bd23c3d41f7c185d60808a1de83c76cf5aeabf792f6c636a55c3b1ec7f9/pydantic_core-2.46.3-cp314-cp314-musllinux_1_1_armv7l.whl", hash = "sha256:9d2e32edcc143bc01e95300671915d9ca052d4f745aa0a49c48d4803f8a85f2c", size = 2326968, upload-time = "2026-04-20T14:42:03.962Z" },
    { url = "https://files.pythonhosted.org/packages/24/ac/66cd45129e3915e5ade3b292cb3bc7fd537f58f8f8dbdaba6170f7cabb74/pydantic_core-2.46.3-cp314-cp314-musllinux_1_1_x86_64.whl", hash = "sha256:6e42d83d1c6b87fa56b521479cff237e626a292f3b31b6345c15a99121b454c1", size = 2369842, upload-time = "2026-04-20T14:41:35.52Z" },
    { url = "https://files.pythonhosted.org/packages/a2/51/dd4248abb84113615473aa20d5545b7c4cd73c8644003b5259686f93996c/pydantic_core-2.46.3-cp314-cp314-win32.whl", hash = "sha256:07bc6d2a28c3adb4f7c6ae46aa4f2d2929af127f587ed44057af50bf1ce0f505", size = 1959661, upload-time = "2026-04-20T14:41:00.042Z" },
    { url = "https://files.pythonhosted.org/packages/20/eb/59980e5f1ae54a3b86372bd9f0fa373ea2d402e8cdcd3459334430f91e91/pydantic_core-2.46.3-cp314-cp314-win_amd64.whl", hash = "sha256:8940562319bc621da30714617e6a7eaa6b98c84e8c685bcdc02d7ed5e7c7c44e", size = 2071686, upload-time = "2026-04-20T14:43:16.471Z" },
    { url = "https://files.pythonhosted.org/packages/8c/db/1cf77e5247047dfee34bc01fa9bca134854f528c8eb053e144298893d370/pydantic_core-2.46.3-cp314-cp314-win_arm64.whl", hash = "sha256:5dcbbcf4d22210ced8f837c96db941bdb078f419543472aca5d9a0bb7cddc7df", size = 2026907, upload-time = "2026-04-20T14:43:31.732Z" },
    { url = "https://files.pythonhosted.org/packages/57/c0/b3df9f6a543276eadba0a48487b082ca1f201745329d97dbfa287034a230/pydantic_core-2.46.3-cp314-cp314t-macosx_10_12_x86_64.whl", hash = "sha256:d0fe3dce1e836e418f912c1ad91c73357d03e556a4d286f441bf34fed2dbeecf", size = 2095047, upload-time = "2026-04-20T14:42:37.982Z" },
    { url = "https://files.pythonhosted.org/packages/66/57/886a938073b97556c168fd99e1a7305bb363cd30a6d2c76086bf0587b32a/pydantic_core-2.46.3-cp314-cp314t-macosx_11_0_arm64.whl", hash = "sha256:9ce92e58abc722dac1bf835a6798a60b294e48eb0e625ec9fd994b932ac5feee", size = 1934329, upload-time = "2026-04-20T14:43:49.655Z" },
    { url = "https://files.pythonhosted.org/packages/0b/7c/b42eaa5c34b13b07ecb51da21761297a9b8eb43044c864a035999998f328/pydantic_core-2.46.3-cp314-cp314t-manylinux_2_17_aarch64.manylinux2014_aarch64.whl", hash = "sha256:a03e6467f0f5ab796a486146d1b887b2dc5e5f9b3288898c1b1c3ad974e53e4a", size = 1974847, upload-time = "2026-04-20T14:42:10.737Z" },
    { url = "https://files.pythonhosted.org/packages/e6/9b/92b42db6543e7de4f99ae977101a2967b63122d4b6cf7773812da2d7d5b5/pydantic_core-2.46.3-cp314-cp314t-manylinux_2_17_armv7l.manylinux2014_armv7l.whl", hash = "sha256:2798b6ba041b9d70acfb9071a2ea13c8456dd1e6a5555798e41ba7b0790e329c", size = 2041742, upload-time = "2026-04-20T14:40:44.262Z" },
    { url = "https://files.pythonhosted.org/packages/0f/19/46fbe1efabb5aa2834b43b9454e70f9a83ad9c338c1291e48bdc4fecf167/pydantic_core-2.46.3-cp314-cp314t-manylinux_2_17_ppc64le.manylinux2014_ppc64le.whl", hash = "sha256:9be3e221bdc6d69abf294dcf7aff6af19c31a5cdcc8f0aa3b14be29df4bd03b1", size = 2236235, upload-time = "2026-04-20T14:41:27.307Z" },
    { url = "https://files.pythonhosted.org/packages/77/da/b3f95bc009ad60ec53120f5d16c6faa8cabdbe8a20d83849a1f2b8728148/pydantic_core-2.46.3-cp314-cp314t-manylinux_2_17_s390x.manylinux2014_s390x.whl", hash = "sha256:f13936129ce841f2a5ddf6f126fea3c43cd128807b5a59588c37cf10178c2e64", size = 2282633, upload-time = "2026-04-20T14:44:33.271Z" },
    { url = "https://files.pythonhosted.org/packages/cc/6e/401336117722e28f32fb8220df676769d28ebdf08f2f4469646d404c43a3/pydantic_core-2.46.3-cp314-cp314t-manylinux_2_17_x86_64.manylinux2014_x86_64.whl", hash = "sha256:28b5f2ef03416facccb1c6ef744c69793175fd27e44ef15669201601cf423acb", size = 2109679, upload-time = "2026-04-20T14:44:41.065Z" },
    { url = "https://files.pythonhosted.org/packages/fc/53/b289f9bc8756a32fe718c46f55afaeaf8d489ee18d1a1e7be1db73f42cc4/pydantic_core-2.46.3-cp314-cp314t-manylinux_2_31_riscv64.whl", hash = "sha256:830d1247d77ad23852314f069e9d7ddafeec5f684baf9d7e7065ed46a049c4e6", size = 2108342, upload-time = "2026-04-20T14:42:50.144Z" },
    { url = "https://files.pythonhosted.org/packages/10/5b/8292fc7c1f9111f1b2b7c1b0dcf1179edcd014fc3ea4517499f50b829d71/pydantic_core-2.46.3-cp314-cp314t-manylinux_2_5_i686.manylinux1_i686.whl", hash = "sha256:d0793c90c1a3c74966e7975eaef3ed30ebdff3260a0f815a62a22adc17e4c01c", size = 2157208, upload-time = "2026-04-20T14:42:08.133Z" },
    { url = "https://files.pythonhosted.org/packages/2b/9e/f80044e9ec07580f057a89fc131f78dda7a58751ddf52bbe05eaf31db50f/pydantic_core-2.46.3-cp314-cp314t-musllinux_1_1_aarch64.whl", hash = "sha256:d2d0aead851b66f5245ec0c4fb2612ef457f8bbafefdf65a2bf9d6bac6140f47", size = 2167237, upload-time = "2026-04-20T14:42:25.412Z" },
    { url = "https://files.pythonhosted.org/packages/f8/84/6781a1b037f3b96be9227edbd1101f6d3946746056231bf4ac48cdff1a8d/pydantic_core-2.46.3-cp314-cp314t-musllinux_1_1_armv7l.whl", hash = "sha256:2f40e4246676beb31c5ce77c38a55ca4e465c6b38d11ea1bd935420568e0b1ab", size = 2312540, upload-time = "2026-04-20T14:40:40.313Z" },
    { url = "https://files.pythonhosted.org/packages/3e/db/19c0839feeb728e7df03255581f198dfdf1c2aeb1e174a8420b63c5252e5/pydantic_core-2.46.3-cp314-cp314t-musllinux_1_1_x86_64.whl", hash = "sha256:cf489cf8986c543939aeee17a09c04d6ffb43bfef8ca16fcbcc5cfdcbed24dba", size = 2369556, upload-time = "2026-04-20T14:41:09.427Z" },
    { url = "https://files.pythonhosted.org/packages/e0/15/3228774cb7cd45f5f721ddf1b2242747f4eb834d0c491f0c02d606f09fed/pydantic_core-2.46.3-cp314-cp314t-win32.whl", hash = "sha256:ffe0883b56cfc05798bf994164d2b2ff03efe2d22022a2bb080f3b626176dd56", size = 1949756, upload-time = "2026-04-20T14:41:25.717Z" },
    { url = "https://files.pythonhosted.org/packages/b8/2a/c79cf53fd91e5a87e30d481809f52f9a60dd221e39de66455cf04deaad37/pydantic_core-2.46.3-cp314-cp314t-win_amd64.whl", hash = "sha256:706d9d0ce9cf4593d07270d8e9f53b161f90c57d315aeec4fb4fd7a8b10240d8", size = 2051305, upload-time = "2026-04-20T14:43:18.627Z" },
    { url = "https://files.pythonhosted.org/packages/0b/db/d8182a7f1d9343a032265aae186eb063fe26ca4c40f256b21e8da4498e89/pydantic_core-2.46.3-cp314-cp314t-win_arm64.whl", hash = "sha256:77706aeb41df6a76568434701e0917da10692da28cb69d5fb6919ce5fdb07374", size = 2026310, upload-time = "2026-04-20T14:41:01.778Z" },
]

[[package]]
name = "requests"
version = "2.33.1"
source = { registry = "https://pypi.org/simple" }
dependencies = [
    { name = "certifi" },
    { name = "charset-normalizer" },
    { name = "idna" },
    { name = "urllib3" },
]
sdist = { url = "https://files.pythonhosted.org/packages/5f/a4/98b9c7c6428a668bf7e42ebb7c79d576a1c3c1e3ae2d47e674b468388871/requests-2.33.1.tar.gz", hash = "sha256:18817f8c57c6263968bc123d237e3b8b08ac046f5456bd1e307ee8f4250d3517", size = 134120, upload-time = "2026-03-30T16:09:15.531Z" }
wheels = [
    { url = "https://files.pythonhosted.org/packages/d7/8e/7540e8a2036f79a125c1d2ebadf69ed7901608859186c856fa0388ef4197/requests-2.33.1-py3-none-any.whl", hash = "sha256:4e6d1ef462f3626a1f0a0a9c42dd93c63bad33f9f1c1937509b8c5c8718ab56a", size = 64947, upload-time = "2026-03-30T16:09:13.83Z" },
]

[[package]]
name = "typing-extensions"
version = "4.15.0"
source = { registry = "https://pypi.org/simple" }
sdist = { url = "https://files.pythonhosted.org/packages/72/94/1a15dd82efb362ac84269196e94cf00f187f7ed21c242792a923cdb1c61f/typing_extensions-4.15.0.tar.gz", hash = "sha256:0cea48d173cc12fa28ecabc3b837ea3cf6f38c6d1136f85cbaaf598984861466", size = 109391, upload-time = "2025-08-25T13:49:26.313Z" }
wheels = [
    { url = "https://files.pythonhosted.org/packages/18/67/36e9267722cc04a6b9f15c7f3441c2363321a3ea07da7ae0c0707beb2a9c/typing_extensions-4.15.0-py3-none-any.whl", hash = "sha256:f0fa19c6845758ab08074a0cfa8b7aecb71c999ca73d62883bc25cc018c4e548", size = 44614, upload-time = "2025-08-25T13:49:24.86Z" },
]

[[package]]
name = "typing-inspection"
version = "0.4.2"
source = { registry = "https://pypi.org/simple" }
dependencies = [
    { name = "typing-extensions" },
]
sdist = { url = "https://files.pythonhosted.org/packages/55/e3/70399cb7dd41c10ac53367ae42139cf4b1ca5f36bb3dc6c9d33acdb43655/typing_inspection-0.4.2.tar.gz", hash = "sha256:ba561c48a67c5958007083d386c3295464928b01faa735ab8547c5692e87f464", size = 75949, upload-time = "2025-10-01T02:14:41.687Z" }
wheels = [
    { url = "https://files.pythonhosted.org/packages/dc/9b/47798a6c91d8bdb567fe2698fe81e0c6b7cb7ef4d13da4114b41d239f65d/typing_inspection-0.4.2-py3-none-any.whl", hash = "sha256:4ed1cacbdc298c220f1bd249ed5287caa16f34d44ef4e9c3d0cbad5b521545e7", size = 14611, upload-time = "2025-10-01T02:14:40.154Z" },
]

[[package]]
name = "urllib3"
version = "2.6.3"
source = { registry = "https://pypi.org/simple" }
sdist = { url = "https://files.pythonhosted.org/packages/c7/24/5f1b3bdffd70275f6661c76461e25f024d5a38a46f04aaca912426a2b1d3/urllib3-2.6.3.tar.gz", hash = "sha256:1b62b6884944a57dbe321509ab94fd4d3b307075e0c2eae991ac71ee15ad38ed", size = 435556, upload-time = "2026-01-07T16:24:43.925Z" }
wheels = [
    { url = "https://files.pythonhosted.org/packages/39/08/aaaad47bc4e9dc8c725e68f9d04865dbcb2052843ff09c97b08904852d84/urllib3-2.6.3-py3-none-any.whl", hash = "sha256:bf272323e553dfb2e87d9bfd225ca7b0f467b919d7bbd355436d3fd37cb0acd4", size = 131584, upload-time = "2026-01-07T16:24:42.685Z" },
]
