version = 1
revision = 3
requires-python = ">=3.13"

[[package]]
name = "annotated-types"
version = "0.8.0"
source = { registry = "https://pkgs.nathanv.app/pypi/simple" }
sdist = { url = "https://pkgs.nathanv.app/pypi/packages/packages/5f/56/a8120250d128bed162cd73c76d45f6ef9991f3e068f62a8ee060afa3104a/annotated_types-0.8.0.tar.gz" }
wheels = [
    { url = "https://pkgs.nathanv.app/pypi/packages/packages/99/91/8acff4f5e50511b911bbccb72b8628a49c68ce14148cd9f6431094859a90/annotated_types-0.8.0-py3-none-any.whl" },
]

[[package]]
name = "certifi"
version = "2026.7.22"
source = { registry = "https://pkgs.nathanv.app/pypi/simple" }
sdist = { url = "https://pkgs.nathanv.app/pypi/packages/packages/a3/c2/24167ea9858356b47a87a50d39908bfdb72ceeefe0041586e704e5376b3a/certifi-2026.7.22.tar.gz" }
wheels = [
    { url = "https://pkgs.nathanv.app/pypi/packages/packages/0b/a7/71ac2cff56fec219ed242bb11b8efb69fcc4bec75db06fb7bfe35de520e6/certifi-2026.7.22-py3-none-any.whl" },
]

[[package]]
name = "charset-normalizer"
version = "3.5.1"
source = { registry = "https://pkgs.nathanv.app/pypi/simple" }
sdist = { url = "https://pkgs.nathanv.app/pypi/packages/packages/e5/3f/143b048436775b0f76ac3eec145c019e8173ccc2885c8f20319b996d5e83/charset_normalizer-3.5.1.tar.gz" }
wheels = [
    { url = "https://pkgs.nathanv.app/pypi/packages/packages/bc/61/2cb6ad133dbbb449fa2d37ccae973232f4827e799af258d15e589a3d1e9e/charset_normalizer-3.5.1-cp313-cp313-android_24_arm64_v8a.whl" },
    { url = "https://pkgs.nathanv.app/pypi/packages/packages/18/57/a305c968be1ca13f3dd1b32f445877e97addf55d80b65c7cb35fac82b777/charset_normalizer-3.5.1-cp313-cp313-android_24_x86_64.whl" },
    { url = "https://pkgs.nathanv.app/pypi/packages/packages/09/0a/d3646670292ce8d8f8cc11ac067d44885e697a5591f57a9221128da5e7b3/charset_normalizer-3.5.1-cp313-cp313-ios_13_0_arm64_iphoneos.whl" },
    { url = "https://pkgs.nathanv.app/pypi/packages/packages/de/93/d51ec556e01042fed6f993ea859311bc7917b466684182fbbceb6ca24762/charset_normalizer-3.5.1-cp313-cp313-ios_13_0_arm64_iphonesimulator.whl" },
    { url = "https://pkgs.nathanv.app/pypi/packages/packages/a4/a0/562247944386f7d4ef94467e84876600cc1e0f1b93239aaa9213d2bc3cbd/charset_normalizer-3.5.1-cp313-cp313-macosx_10_13_universal2.whl" },
    { url = "https://pkgs.nathanv.app/pypi/packages/packages/31/e7/1d994be1b93d41e9502b8b0460eaa88a1dd8df335df415db87d6c3e91ab2/charset_normalizer-3.5.1-cp313-cp313-manylinux2014_aarch64.manylinux_2_17_aarch64.manylinux_2_28_aarch64.whl" },
    { url = "https://pkgs.nathanv.app/pypi/packages/packages/09/53/27923ce5cc6cbccb832037b27dca98882d9c53e9b69e866bbbef4aae7fc8/charset_normalizer-3.5.1-cp313-cp313-manylinux2014_armv7l.manylinux_2_17_armv7l.manylinux_2_31_armv7l.whl" },
    { url = "https://pkgs.nathanv.app/pypi/packages/packages/ce/48/5a97e84d63af1d55c07439cb80e56d99a8efb4295700eb4e18c0d1615d2c/charset_normalizer-3.5.1-cp313-cp313-manylinux2014_ppc64le.manylinux_2_17_ppc64le.manylinux_2_28_ppc64le.whl" },
    { url = "https://pkgs.nathanv.app/pypi/packages/packages/7a/c2/071575791dcc88316c0a9a65ce38897a82e4cfe4a325f0f7fe1b1ac47bcf/charset_normalizer-3.5.1-cp313-cp313-manylinux2014_s390x.manylinux_2_17_s390x.manylinux_2_28_s390x.whl" },
    { url = "https://pkgs.nathanv.app/pypi/packages/packages/fb/af/63240b0c0248c075c2535a1f1bd992821d8251b9f173abc13329661d09e4/charset_normalizer-3.5.1-cp313-cp313-manylinux2014_x86_64.manylinux_2_17_x86_64.manylinux_2_28_x86_64.whl" },
    { url = "https://pkgs.nathanv.app/pypi/packages/packages/4d/66/70dfad64f15be09c15ccfee81330a7e515895dbe296dd23114e9a231268a/charset_normalizer-3.5.1-cp313-cp313-manylinux_2_31_riscv64.manylinux_2_39_riscv64.whl" },
    { url = "https://pkgs.nathanv.app/pypi/packages/packages/c0/24/ef36367d38b9ddd4bccbf72888c342e8de1f5ae506fa0b2dcf970e2732a1/charset_normalizer-3.5.1-cp313-cp313-musllinux_1_2_aarch64.whl" },
    { url = "https://pkgs.nathanv.app/pypi/packages/packages/db/ab/55e683ba0fff2e43adafc10daa3001eac90fdaa419a97227d5a7067eedde/charset_normalizer-3.5.1-cp313-cp313-musllinux_1_2_armv7l.whl" },
    { url = "https://pkgs.nathanv.app/pypi/packages/packages/bd/67/0f40eaf8d1b6e7cf15e82382a2965efaca787fc1c2794b7021d37aaf5036/charset_normalizer-3.5.1-cp313-cp313-musllinux_1_2_ppc64le.whl" },
    { url = "https://pkgs.nathanv.app/pypi/packages/packages/5c/64/12b4c2a11ee8df4fcc518c78b0d93e3a92bd3d5253d1617ce74ff0e8c7ef/charset_normalizer-3.5.1-cp313-cp313-musllinux_1_2_riscv64.whl" },
    { url = "https://pkgs.nathanv.app/pypi/packages/packages/37/2e/651d910af6d0fba325eee1cda37ec5443462ed25360e666c144166eb6091/charset_normalizer-3.5.1-cp313-cp313-musllinux_1_2_s390x.whl" },
    { url = "https://pkgs.nathanv.app/pypi/packages/packages/90/c6/b09e05e6db7f64338e0dc067c79577b1138da86c1e38369096851d96be88/charset_normalizer-3.5.1-cp313-cp313-musllinux_1_2_x86_64.whl" },
    { url = "https://pkgs.nathanv.app/pypi/packages/packages/76/4e/362d4f9fdcdf5556fb2aa3ce7d4a58ebce03ed1ff03aa1d9aca8d02f13f3/charset_normalizer-3.5.1-cp313-cp313-pyemscripten_2025_0_wasm32.whl" },
    { url = "https://pkgs.nathanv.app/pypi/packages/packages/b4/d4/703be739b26acce318bd29eb3b25b7209e1b1f527f9eae3d1f1f01fdde2b/charset_normalizer-3.5.1-cp313-cp313-win32.whl" },
    { url = "https://pkgs.nathanv.app/pypi/packages/packages/8a/33/56d97ade41c8db611e727168c52ae46c9224c362ec28d4b65d7e9869e8da/charset_normalizer-3.5.1-cp313-cp313-win_amd64.whl" },
    { url = "https://pkgs.nathanv.app/pypi/packages/packages/5b/75/5b20dd1e6573a01a08158fe104104fa2c8abf941745596954185726cd46c/charset_normalizer-3.5.1-cp313-cp313-win_arm64.whl" },
    { url = "https://pkgs.nathanv.app/pypi/packages/packages/29/cd/2b812ce5e888f1ce69a5350281e58aab07ae64a958ecae8912f30865718e/charset_normalizer-3.5.1-cp314-cp314-android_24_arm64_v8a.whl" },
    { url = "https://pkgs.nathanv.app/pypi/packages/packages/9e/4a/a6ee107430768a5334e6d63f31f148a04a1a491ef161a1ac9415a73f2fa8/charset_normalizer-3.5.1-cp314-cp314-android_24_x86_64.whl" },
    { url = "https://pkgs.nathanv.app/pypi/packages/packages/c3/d9/35ae3f64f29d0179c35c3baefe575904df2913dde519129c7f75995a2b1d/charset_normalizer-3.5.1-cp314-cp314-ios_13_0_arm64_iphoneos.whl" },
    { url = "https://pkgs.nathanv.app/pypi/packages/packages/74/76/f2fc7380f056cc273a53af37f50d08ad54b2c59f61078f31432edcf1c2bd/charset_normalizer-3.5.1-cp314-cp314-ios_13_0_arm64_iphonesimulator.whl" },
    { url = "https://pkgs.nathanv.app/pypi/packages/packages/e9/40/095ce62fa078483cccc1fa2b36e6bc9580b85422a20ee9f925341c50e44f/charset_normalizer-3.5.1-cp314-cp314-macosx_10_15_universal2.whl" },
    { url = "https://pkgs.nathanv.app/pypi/packages/packages/f1/5a/0e58b1c04a1596e0256f407274a92d5fb2ee21324409d1fab1da48a65b5b/charset_normalizer-3.5.1-cp314-cp314-manylinux2014_aarch64.manylinux_2_17_aarch64.manylinux_2_28_aarch64.whl" },
    { url = "https://pkgs.nathanv.app/pypi/packages/packages/22/95/b4618ce912e6db0b1aae89ba788e38e8a7eba0f3025cc66e8c0699f977b2/charset_normalizer-3.5.1-cp314-cp314-manylinux2014_armv7l.manylinux_2_17_armv7l.manylinux_2_31_armv7l.whl" },
    { url = "https://pkgs.nathanv.app/pypi/packages/packages/8a/76/c681192bbda3d55356db5dadd64381d5202b37c6b598fcda5282e88b5d3d/charset_normalizer-3.5.1-cp314-cp314-manylinux2014_ppc64le.manylinux_2_17_ppc64le.manylinux_2_28_ppc64le.whl" },
    { url = "https://pkgs.nathanv.app/pypi/packages/packages/88/be/55127bfca72c0cff6c022488d140d7c5b04c771e3b72e9bdb4836d54979d/charset_normalizer-3.5.1-cp314-cp314-manylinux2014_s390x.manylinux_2_17_s390x.manylinux_2_28_s390x.whl" },
    { url = "https://pkgs.nathanv.app/pypi/packages/packages/e0/91/39c3af510b0aa32bbda03374259200f28430febfd1bf5e511fe765282ce5/charset_normalizer-3.5.1-cp314-cp314-manylinux2014_x86_64.manylinux_2_17_x86_64.manylinux_2_28_x86_64.whl" },
    { url = "https://pkgs.nathanv.app/pypi/packages/packages/1c/a5/cbe418bbc6ecdfc3e05a0116002897c4b403a5e838d697e64c78e9f0190d/charset_normalizer-3.5.1-cp314-cp314-manylinux_2_31_riscv64.manylinux_2_39_riscv64.whl" },
    { url = "https://pkgs.nathanv.app/pypi/packages/packages/cc/a4/689bb42e8e7cd492f3cb64907c6bc00ad247ec9a3628cd3f8eed126e8ae1/charset_normalizer-3.5.1-cp314-cp314-musllinux_1_2_aarch64.whl" },
    { url = "https://pkgs.nathanv.app/pypi/packages/packages/c1/ce/9962938e179cf9f699d3f1e7b3114b5d7642dee6a893745229f9dd04f274/charset_normalizer-3.5.1-cp314-cp314-musllinux_1_2_armv7l.whl" },
    { url = "https://pkgs.nathanv.app/pypi/packages/packages/85/54/46000450ada53bd9eac5429a2c8c54cd2d9b39c0c255f229aea9af0948a5/charset_normalizer-3.5.1-cp314-cp314-musllinux_1_2_ppc64le.whl" },
    { url = "https://pkgs.nathanv.app/pypi/packages/packages/3d/bb/618749d70f792b44252a777bf89bfb86823b9bbc1ea13fe8ce759b07f38a/charset_normalizer-3.5.1-cp314-cp314-musllinux_1_2_riscv64.whl" },
    { url = "https://pkgs.nathanv.app/pypi/packages/packages/7e/3f/ffb64458527c7668031d5eb095d978de561958dc9f5b53f8e488a533e603/charset_normalizer-3.5.1-cp314-cp314-musllinux_1_2_s390x.whl" },
    { url = "https://pkgs.nathanv.app/pypi/packages/packages/4f/ab/74a55fd803916a35ac461daf002708191aac19b546b80dc8cabfedc63d98/charset_normalizer-3.5.1-cp314-cp314-musllinux_1_2_x86_64.whl" },
    { url = "https://pkgs.nathanv.app/pypi/packages/packages/a0/2a/6a9034b7d3c60b17499afb482df5878bf9fa20b50cc3887d5ef017a833db/charset_normalizer-3.5.1-cp314-cp314-pyemscripten_2026_0_wasm32.whl" },
    { url = "https://pkgs.nathanv.app/pypi/packages/packages/f3/46/1d362e1a00d035d66b9869e1281eee115907f7e390a16a07824ab5737360/charset_normalizer-3.5.1-cp314-cp314-win32.whl" },
    { url = "https://pkgs.nathanv.app/pypi/packages/packages/7a/7c/4938c329b6a9d446f6a59aa2092ff7118f274209b5ed0e26893d1d30a63c/charset_normalizer-3.5.1-cp314-cp314-win_amd64.whl" },
    { url = "https://pkgs.nathanv.app/pypi/packages/packages/ac/33/eeb384dbd8dec570661354592f4f2e1b2fcc92585624d146a000caf53841/charset_normalizer-3.5.1-cp314-cp314-win_arm64.whl" },
    { url = "https://pkgs.nathanv.app/pypi/packages/packages/1c/6c/c73fa9d5a85f6ab05395de61c5f6984e0a9ff40bb5ff888d46dff02526c6/charset_normalizer-3.5.1-cp314-cp314t-macosx_10_15_universal2.whl" },
    { url = "https://pkgs.nathanv.app/pypi/packages/packages/30/c7/63565f860921457feba93bae6c86fb7746deb4cffeed2f375cb845318146/charset_normalizer-3.5.1-cp314-cp314t-manylinux2014_aarch64.manylinux_2_17_aarch64.manylinux_2_28_aarch64.whl" },
    { url = "https://pkgs.nathanv.app/pypi/packages/packages/06/ae/7ae8807410dfa33f8e6f1715740adeaafa8a816cc4cb33508f54b1f7c896/charset_normalizer-3.5.1-cp314-cp314t-manylinux2014_armv7l.manylinux_2_17_armv7l.manylinux_2_31_armv7l.whl" },
    { url = "https://pkgs.nathanv.app/pypi/packages/packages/e9/a3/887c1642f0da26000b0e0652d91071113c0e72cea33952e225cf589f49a9/charset_normalizer-3.5.1-cp314-cp314t-manylinux2014_ppc64le.manylinux_2_17_ppc64le.manylinux_2_28_ppc64le.whl" },
    { url = "https://pkgs.nathanv.app/pypi/packages/packages/3e/11/e6f5b9a3d0e55b0ef7505cd3765cdd48f22db89994c947b316f52f801fd8/charset_normalizer-3.5.1-cp314-cp314t-manylinux2014_s390x.manylinux_2_17_s390x.manylinux_2_28_s390x.whl" },
    { url = "https://pkgs.nathanv.app/pypi/packages/packages/1b/ee/e4e10a94d51cd1ee638aa7e00b65399e6b2a4e8376ab6d2eac9f95586671/charset_normalizer-3.5.1-cp314-cp314t-manylinux2014_x86_64.manylinux_2_17_x86_64.manylinux_2_28_x86_64.whl" },
    { url = "https://pkgs.nathanv.app/pypi/packages/packages/c4/25/d5f4198819e6059735a84e8d0bfb72dc33976da67b97adcd3fb5a5e07ec6/charset_normalizer-3.5.1-cp314-cp314t-manylinux_2_31_riscv64.manylinux_2_39_riscv64.whl" },
    { url = "https://pkgs.nathanv.app/pypi/packages/packages/a5/e9/e925ca7569cf9fb9701fd82503fee73eea5268fdb856bdd64947092d3daa/charset_normalizer-3.5.1-cp314-cp314t-musllinux_1_2_aarch64.whl" },
    { url = "https://pkgs.nathanv.app/pypi/packages/packages/34/17/672c251a888ed2aebcdd2fe830ad0104e25ff83c43f5c4f9c15e9fc6853c/charset_normalizer-3.5.1-cp314-cp314t-musllinux_1_2_armv7l.whl" },
    { url = "https://pkgs.nathanv.app/pypi/packages/packages/3f/fc/f6a85abebd42ce4da2f1db0aa56cc6a0df1995e318b3875d14401b8381d1/charset_normalizer-3.5.1-cp314-cp314t-musllinux_1_2_ppc64le.whl" },
    { url = "https://pkgs.nathanv.app/pypi/packages/packages/98/66/7c42677e739ba66746b297e2046918d793078094dc239e1e72768cffccc6/charset_normalizer-3.5.1-cp314-cp314t-musllinux_1_2_riscv64.whl" },
    { url = "https://pkgs.nathanv.app/pypi/packages/packages/de/d8/a50b79237f417af10f8c2a501ce8d1ca87829a22e69117891ca4ba20a69e/charset_normalizer-3.5.1-cp314-cp314t-musllinux_1_2_s390x.whl" },
    { url = "https://pkgs.nathanv.app/pypi/packages/packages/2e/1d/0fc91aeaeb3c83b748f532399ce67cf84604b48297405d740000f7a9e786/charset_normalizer-3.5.1-cp314-cp314t-musllinux_1_2_x86_64.whl" },
    { url = "https://pkgs.nathanv.app/pypi/packages/packages/ae/10/3d8c777cf9024615295aa1b808324ad5b4a77855869c00824bad74ffaf8a/charset_normalizer-3.5.1-cp314-cp314t-win32.whl" },
    { url = "https://pkgs.nathanv.app/pypi/packages/packages/4d/81/ae557d3c44d1a1d688696d60563413a0866a91b7ebc50f20df838be3d8c8/charset_normalizer-3.5.1-cp314-cp314t-win_amd64.whl" },
    { url = "https://pkgs.nathanv.app/pypi/packages/packages/27/e9/61c01fb8b804692569c036b3fc50495814502dcf13a60649c6055390b02c/charset_normalizer-3.5.1-cp314-cp314t-win_arm64.whl" },
    { url = "https://pkgs.nathanv.app/pypi/packages/packages/4a/4e/8544831ef59d8f27ce92c80871380fdacc8076a8a56ed62f82e54f991333/charset_normalizer-3.5.1-cp315-cp315-macosx_10_15_universal2.whl" },
    { url = "https://pkgs.nathanv.app/pypi/packages/packages/7f/a6/e3b46852424246065355644f4fb6dbccc0239a42a2eee27ecfc8957f0bcd/charset_normalizer-3.5.1-cp315-cp315-manylinux2014_aarch64.manylinux_2_17_aarch64.manylinux_2_28_aarch64.whl" },
    { url = "https://pkgs.nathanv.app/pypi/packages/packages/03/3b/0cc9a26777334ab2f2e3089b948bbf4e4fe72ea70b897715ef6415043ec8/charset_normalizer-3.5.1-cp315-cp315-manylinux2014_armv7l.manylinux_2_17_armv7l.manylinux_2_31_armv7l.whl" },
    { url = "https://pkgs.nathanv.app/pypi/packages/packages/8c/c2/027335f0aa337a2a2e121bac1ad88c4f02ba6053ea0926802784f3db11af/charset_normalizer-3.5.1-cp315-cp315-manylinux2014_ppc64le.manylinux_2_17_ppc64le.manylinux_2_28_ppc64le.whl" },
    { url = "https://pkgs.nathanv.app/pypi/packages/packages/86/d3/e367787febe4e74769dec0f406f2c3c8d1b955fce5aee1fd0f94e8367a45/charset_normalizer-3.5.1-cp315-cp315-manylinux2014_s390x.manylinux_2_17_s390x.manylinux_2_28_s390x.whl" },
    { url = "https://pkgs.nathanv.app/pypi/packages/packages/af/3d/391b193eb9f3e84b02f9314088c386debdc0debee843535aaea2e2c6715d/charset_normalizer-3.5.1-cp315-cp315-manylinux2014_x86_64.manylinux_2_17_x86_64.manylinux_2_28_x86_64.whl" },
    { url = "https://pkgs.nathanv.app/pypi/packages/packages/2e/57/de221f1745a90d418199761967e2776bfe2c275a1194220985e8c1d37833/charset_normalizer-3.5.1-cp315-cp315-manylinux_2_31_riscv64.manylinux_2_39_riscv64.whl" },
    { url = "https://pkgs.nathanv.app/pypi/packages/packages/c8/e3/d119f86a01f9331e8186175f24873b1d74a7ee9e2e4b4d68f9947dae5afd/charset_normalizer-3.5.1-cp315-cp315-musllinux_1_2_aarch64.whl" },
    { url = "https://pkgs.nathanv.app/pypi/packages/packages/26/de/d8e48c135ae480879539cdb179c8d3b50c7879497d75dd899b5763b69cee/charset_normalizer-3.5.1-cp315-cp315-musllinux_1_2_armv7l.whl" },
    { url = "https://pkgs.nathanv.app/pypi/packages/packages/67/c4/217755fd1abc50d326c252922cd642002758095a81ff45010337b8b3ef65/charset_normalizer-3.5.1-cp315-cp315-musllinux_1_2_ppc64le.whl" },
    { url = "https://pkgs.nathanv.app/pypi/packages/packages/b8/d7/34d8e404e358d2adcc5a228c2134643af00104c8fb0bf525f3688d756f05/charset_normalizer-3.5.1-cp315-cp315-musllinux_1_2_riscv64.whl" },
    { url = "https://pkgs.nathanv.app/pypi/packages/packages/5e/fa/40414471acf0aa0692ca77305aa00e434fcd8288f0941c93c30e9a5f8f2f/charset_normalizer-3.5.1-cp315-cp315-musllinux_1_2_s390x.whl" },
    { url = "https://pkgs.nathanv.app/pypi/packages/packages/32/90/fcc850bae791abd2e0c041847f13e270aa08692a79f3e00de6d2dce1cb50/charset_normalizer-3.5.1-cp315-cp315-musllinux_1_2_x86_64.whl" },
    { url = "https://pkgs.nathanv.app/pypi/packages/packages/af/af/53afe99068b3c10b4cbae592a52ef72a7c92c0188440e83ee3a078fd8f75/charset_normalizer-3.5.1-cp315-cp315-win32.whl" },
    { url = "https://pkgs.nathanv.app/pypi/packages/packages/c9/bc/f46a132041b29e4a8779ed712d3df1bf112e94ca8de58b66d7ec2c0cf8b9/charset_normalizer-3.5.1-cp315-cp315-win_amd64.whl" },
    { url = "https://pkgs.nathanv.app/pypi/packages/packages/a1/5d/9ed554480eda8e447b673648628fdc29574d23dbad01fe11837adedd1cae/charset_normalizer-3.5.1-cp315-cp315-win_arm64.whl" },
    { url = "https://pkgs.nathanv.app/pypi/packages/packages/3b/32/9b8929bf384061ee1fe5d9c27c6f9776d3d824039ad4e14c88ec00c7808e/charset_normalizer-3.5.1-cp315-cp315t-macosx_10_15_universal2.whl" },
    { url = "https://pkgs.nathanv.app/pypi/packages/packages/96/10/e9aa7923d3ddac652c99a1c5f7be494e737e151566a44abe018daf757f2c/charset_normalizer-3.5.1-cp315-cp315t-manylinux2014_aarch64.manylinux_2_17_aarch64.manylinux_2_28_aarch64.whl" },
    { url = "https://pkgs.nathanv.app/pypi/packages/packages/28/53/a2d249ebddf47b889a100c0bdcb61a2f9dbb8bc24ef325cc062e4f476877/charset_normalizer-3.5.1-cp315-cp315t-manylinux2014_armv7l.manylinux_2_17_armv7l.manylinux_2_31_armv7l.whl" },
    { url = "https://pkgs.nathanv.app/pypi/packages/packages/7d/07/469f78af590f7d5cd48e20d8dbfa3d66deeff9ba37768c04d886b5afd45c/charset_normalizer-3.5.1-cp315-cp315t-manylinux2014_ppc64le.manylinux_2_17_ppc64le.manylinux_2_28_ppc64le.whl" },
    { url = "https://pkgs.nathanv.app/pypi/packages/packages/55/66/3bb56a47f7dcba014055b1a1d33c6f08bbe9c1e74dba154cfa25f90ae885/charset_normalizer-3.5.1-cp315-cp315t-manylinux2014_s390x.manylinux_2_17_s390x.manylinux_2_28_s390x.whl" },
    { url = "https://pkgs.nathanv.app/pypi/packages/packages/ff/c1/2adc2800903fb013210349313b710a5376856578d9e33e6b9a1d8b36714a/charset_normalizer-3.5.1-cp315-cp315t-manylinux2014_x86_64.manylinux_2_17_x86_64.manylinux_2_28_x86_64.whl" },
    { url = "https://pkgs.nathanv.app/pypi/packages/packages/95/b5/a18d0dd1157ab655cc2cb14a545f4a4784bbad70ab3502412e36097502d9/charset_normalizer-3.5.1-cp315-cp315t-manylinux_2_31_riscv64.manylinux_2_39_riscv64.whl" },
    { url = "https://pkgs.nathanv.app/pypi/packages/packages/ad/c3/525f508cd1e58d0450ac55ed40ac75bc3a97482c59def5278456a5fbf03c/charset_normalizer-3.5.1-cp315-cp315t-musllinux_1_2_aarch64.whl" },
    { url = "https://pkgs.nathanv.app/pypi/packages/packages/7c/c1/49a91fe7e97c8140094ca5c64161ab623a70d9f636bf834eace14048acb5/charset_normalizer-3.5.1-cp315-cp315t-musllinux_1_2_armv7l.whl" },
    { url = "https://pkgs.nathanv.app/pypi/packages/packages/d3/58/56a48c296601274c4689b864a8e2dfb209b81dfcb39472753ce95eea662b/charset_normalizer-3.5.1-cp315-cp315t-musllinux_1_2_ppc64le.whl" },
    { url = "https://pkgs.nathanv.app/pypi/packages/packages/10/4c/dc48409274a1817ff349711d26c62aa0c597df865d4d69ef79160c859193/charset_normalizer-3.5.1-cp315-cp315t-musllinux_1_2_riscv64.whl" },
    { url = "https://pkgs.nathanv.app/pypi/packages/packages/81/58/d325912115caec62d6bdd77bbab5e0b7da5d234a9f20affdffcbcb530d0b/charset_normalizer-3.5.1-cp315-cp315t-musllinux_1_2_s390x.whl" },
    { url = "https://pkgs.nathanv.app/pypi/packages/packages/34/f7/b13b1ccae2c8ec63980d13be1890eb73f8aeabbfce02a24aabc0908788f5/charset_normalizer-3.5.1-cp315-cp315t-musllinux_1_2_x86_64.whl" },
    { url = "https://pkgs.nathanv.app/pypi/packages/packages/1e/25/ed3f9919c5aef8cc818be1f972f565f7610d7b2076b8ebb98839516ffc3c/charset_normalizer-3.5.1-cp315-cp315t-win32.whl" },
    { url = "https://pkgs.nathanv.app/pypi/packages/packages/69/d5/43c2b3e9d8267092b913eb8b0603f0f71993c395632886bd37a7223f96cf/charset_normalizer-3.5.1-cp315-cp315t-win_amd64.whl" },
    { url = "https://pkgs.nathanv.app/pypi/packages/packages/a8/76/9aad3e9c8865e5e0efa9a7f6f81c37a67635a985145ecd44528a81e088ee/charset_normalizer-3.5.1-cp315-cp315t-win_arm64.whl" },
    { url = "https://pkgs.nathanv.app/pypi/packages/packages/5b/97/fb4e82231aba271ffd775a1b4993b0defc4e3059f286ae41d9433409fe85/charset_normalizer-3.5.1-cp37-abi3-macosx_10_9_universal2.whl" },
    { url = "https://pkgs.nathanv.app/pypi/packages/packages/9f/2f/fe3f187327aac18e2d54e9d2b08e15d27bf9b642d9e51c219f130fc34d1a/charset_normalizer-3.5.1-cp37-abi3-manylinux1_x86_64.manylinux_2_28_x86_64.manylinux_2_5_x86_64.whl" },
    { url = "https://pkgs.nathanv.app/pypi/packages/packages/d7/c7/9e48cee5c161fe24da823b61bf381921d77cb994a0a4de148e95018c1984/charset_normalizer-3.5.1-cp37-abi3-manylinux2014_aarch64.manylinux_2_17_aarch64.manylinux_2_28_aarch64.whl" },
    { url = "https://pkgs.nathanv.app/pypi/packages/packages/49/e0/716601f3cc69be7b198951150c75ead1ece33c3c8036ff6ffa46029659a0/charset_normalizer-3.5.1-cp37-abi3-manylinux2014_armv7l.manylinux_2_17_armv7l.manylinux_2_31_armv7l.whl" },
    { url = "https://pkgs.nathanv.app/pypi/packages/packages/d3/05/71bfc5caa0abcc45aea1f6a4d50ac68e59605ddc7666fe8494f4cd229665/charset_normalizer-3.5.1-cp37-abi3-manylinux2014_ppc64le.manylinux_2_17_ppc64le.manylinux_2_28_ppc64le.whl" },
    { url = "https://pkgs.nathanv.app/pypi/packages/packages/c3/92/de7e32ed05341e7a9c4c877c318418197b7f2d66a3b68d561bf2ac57ca3e/charset_normalizer-3.5.1-cp37-abi3-manylinux2014_s390x.manylinux_2_17_s390x.manylinux_2_28_s390x.whl" },
    { url = "https://pkgs.nathanv.app/pypi/packages/packages/f5/7b/ade0a122600319dfa0b1000ab0f9731c94a817904cf3c5de408c73a4ede7/charset_normalizer-3.5.1-cp37-abi3-manylinux_2_31_riscv64.manylinux_2_39_riscv64.whl" },
    { url = "https://pkgs.nathanv.app/pypi/packages/packages/75/9c/019fbb9f4834491a160951349b1a3714439376f66e5f7cf18b4f18f0c7aa/charset_normalizer-3.5.1-cp37-abi3-musllinux_1_2_aarch64.whl" },
    { url = "https://pkgs.nathanv.app/pypi/packages/packages/2b/b8/11d4840bfc99330cc7fbcc2681ee5a044553a6e77655508d8f9b2bff7b34/charset_normalizer-3.5.1-cp37-abi3-musllinux_1_2_armv7l.whl" },
    { url = "https://pkgs.nathanv.app/pypi/packages/packages/18/96/2b3a21492d9f65171ac75d872f5018260013d00bfa0ff70ec9f179148cbd/charset_normalizer-3.5.1-cp37-abi3-musllinux_1_2_ppc64le.whl" },
    { url = "https://pkgs.nathanv.app/pypi/packages/packages/d6/aa/a69a2028e8bd052476c245460ab19d7de595de084dd968f2d75cd50c3e25/charset_normalizer-3.5.1-cp37-abi3-musllinux_1_2_riscv64.whl" },
    { url = "https://pkgs.nathanv.app/pypi/packages/packages/35/8a/3d130aeabcaf3d2466af76b7b141c08d9e89c9016ab4b7cdd0f7dc2d1c62/charset_normalizer-3.5.1-cp37-abi3-musllinux_1_2_s390x.whl" },
    { url = "https://pkgs.nathanv.app/pypi/packages/packages/80/c2/a7379b840292d0c1ab9fbd17d1f3967aa81794dc95bc74be8999d7fedcf7/charset_normalizer-3.5.1-cp37-abi3-musllinux_1_2_x86_64.whl" },
    { url = "https://pkgs.nathanv.app/pypi/packages/packages/01/65/d43b714731bb2f40d4053dfa00ecfc1c5a301f8e3316c5db3a09af59fe94/charset_normalizer-3.5.1-cp37-abi3-win32.whl" },
    { url = "https://pkgs.nathanv.app/pypi/packages/packages/35/4f/b911ed898b26a09789eba9c9200c999aff6c61b4bafaf4838e56d1a1e1a3/charset_normalizer-3.5.1-cp37-abi3-win_amd64.whl" },
    { url = "https://pkgs.nathanv.app/pypi/packages/packages/f0/a7/920baf467bfd9bf689f3b318340f37aee4572a71f162bd8db51da55ba4fa/charset_normalizer-3.5.1-cp37-abi3-win_arm64.whl" },
    { url = "https://pkgs.nathanv.app/pypi/packages/packages/cc/61/d01fc49b8dea277640b55a9e15960dbca9fdc8c9fde18e572d39c59f4019/charset_normalizer-3.5.1-py3-none-any.whl" },
]

[[package]]
name = "daily-realtor"
version = "0.1.0"
source = { virtual = "." }
dependencies = [
    { name = "pydantic" },
    { name = "requests" },
]

[package.metadata]
requires-dist = [
    { name = "pydantic", specifier = ">=2.13.4" },
    { name = "requests", specifier = ">=2.34.2" },
]

[[package]]
name = "idna"
version = "3.19"
source = { registry = "https://pkgs.nathanv.app/pypi/simple" }
sdist = { url = "https://pkgs.nathanv.app/pypi/packages/packages/5f/f7/abb373e5757eaec4b922b92f97ec8d6d7e057cf06778247604fbc4e7c3f3/idna-3.19.tar.gz" }
wheels = [
    { url = "https://pkgs.nathanv.app/pypi/packages/packages/57/b0/0e52c878c53f245edd3a11020f20979b3f490f245af532c7cae3027754b5/idna-3.19-py3-none-any.whl" },
]

[[package]]
name = "pydantic"
version = "2.13.5"
source = { registry = "https://pkgs.nathanv.app/pypi/simple" }
dependencies = [
    { name = "annotated-types" },
    { name = "pydantic-core" },
    { name = "typing-extensions" },
    { name = "typing-inspection" },
]
sdist = { url = "https://pkgs.nathanv.app/pypi/packages/packages/53/ef/fc4f868f4e2cee79f863883abffceff107875f569b848507319842d2a681/pydantic-2.13.5.tar.gz" }
wheels = [
    { url = "https://pkgs.nathanv.app/pypi/packages/packages/eb/47/c95ffc2009878c7aac0c5e08528022dcb885933252a88b5f170058014464/pydantic-2.13.5-py3-none-any.whl" },
]

[[package]]
name = "pydantic-core"
version = "2.46.5"
source = { registry = "https://pkgs.nathanv.app/pypi/simple" }
dependencies = [
    { name = "typing-extensions" },
]
sdist = { url = "https://pkgs.nathanv.app/pypi/packages/packages/af/f9/8a06bea35ef8daf588f707784c973a7046e0034c8d8cfb08828eeffb8b75/pydantic_core-2.46.5.tar.gz" }
wheels = [
    { url = "https://pkgs.nathanv.app/pypi/packages/packages/f5/37/5abe39a8372a61d3dc3c1338fc504281c01b32fdb3169cd7187153b56d3e/pydantic_core-2.46.5-cp313-cp313-macosx_10_12_x86_64.whl" },
    { url = "https://pkgs.nathanv.app/pypi/packages/packages/21/43/6323b1f8b217780454c61304bcd2b38ae4762f50754414124603ccc90bb2/pydantic_core-2.46.5-cp313-cp313-macosx_11_0_arm64.whl" },
    { url = "https://pkgs.nathanv.app/pypi/packages/packages/0f/a3/c05ca796e1197618a774b01e596aeedfefc2f7d8c01ae3054e910b120e8a/pydantic_core-2.46.5-cp313-cp313-manylinux_2_17_aarch64.manylinux2014_aarch64.whl" },
    { url = "https://pkgs.nathanv.app/pypi/packages/packages/68/32/33bc39ac705c52cffc908e8389f9754fdb208aea5c69cceddf4eb3ce99af/pydantic_core-2.46.5-cp313-cp313-manylinux_2_17_armv7l.manylinux2014_armv7l.whl" },
    { url = "https://pkgs.nathanv.app/pypi/packages/packages/b0/70/2333e885c0f6a67bc105c5916965dac9b57f2718ee20d81d1a06a4ebdc13/pydantic_core-2.46.5-cp313-cp313-manylinux_2_17_ppc64le.manylinux2014_ppc64le.whl" },
    { url = "https://pkgs.nathanv.app/pypi/packages/packages/f7/ea/296debfb4264207bbda5936133892e027c0a58875ad53ebd512fba8ec3a2/pydantic_core-2.46.5-cp313-cp313-manylinux_2_17_s390x.manylinux2014_s390x.whl" },
    { url = "https://pkgs.nathanv.app/pypi/packages/packages/d3/f2/9e4de77a6271e07a76d2d58b11c091a979c191ed2939bf80067568b369d2/pydantic_core-2.46.5-cp313-cp313-manylinux_2_17_x86_64.manylinux2014_x86_64.whl" },
    { url = "https://pkgs.nathanv.app/pypi/packages/packages/8d/db/f9e9d0c97445987b2084823d5c240de88087338f04fc2cfaa2df186b8049/pydantic_core-2.46.5-cp313-cp313-manylinux_2_31_riscv64.whl" },
    { url = "https://pkgs.nathanv.app/pypi/packages/packages/07/c5/79169b047b3b2c3e99e04bc76372af9637e0bf6db638274fa927df96369e/pydantic_core-2.46.5-cp313-cp313-manylinux_2_5_i686.manylinux1_i686.whl" },
    { url = "https://pkgs.nathanv.app/pypi/packages/packages/26/b5/ba6057afb7c291bd449f51b867f95aef2072941c4ce4e5c31d6ffd132d3b/pydantic_core-2.46.5-cp313-cp313-musllinux_1_1_aarch64.whl" },
    { url = "https://pkgs.nathanv.app/pypi/packages/packages/6e/28/2057abecaafdc22912afa819603a51f0a62d40643b7c4871c51721fea9be/pydantic_core-2.46.5-cp313-cp313-musllinux_1_1_armv7l.whl" },
    { url = "https://pkgs.nathanv.app/pypi/packages/packages/71/9d/881156dc404e27479c4246128d73538464cab4a239bec61995e227644c30/pydantic_core-2.46.5-cp313-cp313-musllinux_1_1_x86_64.whl" },
    { url = "https://pkgs.nathanv.app/pypi/packages/packages/5a/38/d66f443a259f84d13babdceae568e572b0ed26da17ca5d0a649ebb110a67/pydantic_core-2.46.5-cp313-cp313-win32.whl" },
    { url = "https://pkgs.nathanv.app/pypi/packages/packages/2c/1e/1d5371213f4cc9a7ed70c0bfcc7911de22311ee99a662a56077d7292d2ac/pydantic_core-2.46.5-cp313-cp313-win_amd64.whl" },
    { url = "https://pkgs.nathanv.app/pypi/packages/packages/5a/48/4222d90b1c67568bace4dec6dca6271449c66de3595d72b6d098f5fde597/pydantic_core-2.46.5-cp313-cp313-win_arm64.whl" },
    { url = "https://pkgs.nathanv.app/pypi/packages/packages/8e/8a/14596f2a8367da50cf7cbac48169ee5d9c8e11d486a3b527082384630c72/pydantic_core-2.46.5-cp314-cp314-macosx_10_12_x86_64.whl" },
    { url = "https://pkgs.nathanv.app/pypi/packages/packages/ae/d5/d8a4eb6d6c7f66b91dd37c576d76e9e60fba900caf5372c17bcf949febc2/pydantic_core-2.46.5-cp314-cp314-macosx_11_0_arm64.whl" },
    { url = "https://pkgs.nathanv.app/pypi/packages/packages/8e/26/092079428f86e927e030b2c0ced87df69dbb1c875cdeaa67bf42ea2be746/pydantic_core-2.46.5-cp314-cp314-manylinux_2_17_aarch64.manylinux2014_aarch64.whl" },
    { url = "https://pkgs.nathanv.app/pypi/packages/packages/08/c3/8ec0e290a9ebaebd64047bf5fda94be835c6b1551b02437e4b76778fbcd7/pydantic_core-2.46.5-cp314-cp314-manylinux_2_17_armv7l.manylinux2014_armv7l.whl" },
    { url = "https://pkgs.nathanv.app/pypi/packages/packages/01/72/4fd20ad520fb8da0157f95b27a7eb05a72790ef08138e7701ac972c342ea/pydantic_core-2.46.5-cp314-cp314-manylinux_2_17_ppc64le.manylinux2014_ppc64le.whl" },
    { url = "https://pkgs.nathanv.app/pypi/packages/packages/31/b0/d16e0771206b29314f0d52198b720be21e8a99ab2bf11e3bc0d7c9cebdff/pydantic_core-2.46.5-cp314-cp314-manylinux_2_17_s390x.manylinux2014_s390x.whl" },
    { url = "https://pkgs.nathanv.app/pypi/packages/packages/2c/9b/59634b7ac631c63b2a37760eb6943af3e29573d6b59a4abc5e7f019d4cee/pydantic_core-2.46.5-cp314-cp314-manylinux_2_17_x86_64.manylinux2014_x86_64.whl" },
    { url = "https://pkgs.nathanv.app/pypi/packages/packages/08/7c/570abb1ad2155348dc754ea91be22e5aaa18eb6d69a6068f7c6f2679a6ed/pydantic_core-2.46.5-cp314-cp314-manylinux_2_31_riscv64.whl" },
    { url = "https://pkgs.nathanv.app/pypi/packages/packages/8e/25/5bf74adc65a1ac5b7be3f6cb0bcb5433615c1598a801c19d830d84c98ded/pydantic_core-2.46.5-cp314-cp314-manylinux_2_5_i686.manylinux1_i686.whl" },
    { url = "https://pkgs.nathanv.app/pypi/packages/packages/90/6a/2ef38830675e050121040618135564ed56b860b45433b02d9b4ebece46f3/pydantic_core-2.46.5-cp314-cp314-musllinux_1_1_aarch64.whl" },
    { url = "https://pkgs.nathanv.app/pypi/packages/packages/90/ef/a7dbb03a14a64c2a4621f989c615ed9a892535a6cad938fc27079f919d80/pydantic_core-2.46.5-cp314-cp314-musllinux_1_1_armv7l.whl" },
    { url = "https://pkgs.nathanv.app/pypi/packages/packages/68/f8/6bb4c4b80e8a6fde1904c64a51c62a1d04fcdfa3ea521a66b2ddefa1d885/pydantic_core-2.46.5-cp314-cp314-musllinux_1_1_x86_64.whl" },
    { url = "https://pkgs.nathanv.app/pypi/packages/packages/2a/80/f46b8c681195190b2c1f1c7c0a81abce60663e987613e09ef64d433dd96b/pydantic_core-2.46.5-cp314-cp314-win32.whl" },
    { url = "https://pkgs.nathanv.app/pypi/packages/packages/f7/3c/60674207246bc0a4009d2391b7c7251c7159f279c8d2ab8aae8ef46f3dee/pydantic_core-2.46.5-cp314-cp314-win_amd64.whl" },
    { url = "https://pkgs.nathanv.app/pypi/packages/packages/69/0c/117c562c7c1babdf44576b72a5e496906506c93690387ecfbca7c729ae2e/pydantic_core-2.46.5-cp314-cp314-win_arm64.whl" },
    { url = "https://pkgs.nathanv.app/pypi/packages/packages/e8/66/9336ae58f9eb68c41d121894e52c4c89eccb07eb8f602a04ee9c3f37736a/pydantic_core-2.46.5-cp314-cp314t-macosx_10_12_x86_64.whl" },
    { url = "https://pkgs.nathanv.app/pypi/packages/packages/c5/02/bc19b47a96c2d3109760711acf22369e56bd7e405ca52f7ade164d2ead57/pydantic_core-2.46.5-cp314-cp314t-macosx_11_0_arm64.whl" },
    { url = "https://pkgs.nathanv.app/pypi/packages/packages/52/a4/70b47c0509923dd98ccfed04fb3e32ea3849c82a0ff2205bb41009b43c00/pydantic_core-2.46.5-cp314-cp314t-manylinux_2_17_aarch64.manylinux2014_aarch64.whl" },
    { url = "https://pkgs.nathanv.app/pypi/packages/packages/52/ab/aa03b65f7bb198585edf806b906c3223ecf1795543e39e23aec4cce27ad2/pydantic_core-2.46.5-cp314-cp314t-manylinux_2_17_armv7l.manylinux2014_armv7l.whl" },
    { url = "https://pkgs.nathanv.app/pypi/packages/packages/3c/8b/0da06343f30b84ec549aafd309c6456223d5dc8bd36af504c573faad561d/pydantic_core-2.46.5-cp314-cp314t-manylinux_2_17_ppc64le.manylinux2014_ppc64le.whl" },
    { url = "https://pkgs.nathanv.app/pypi/packages/packages/d6/5b/844c4defaa34a3df66eb9257087d121d70c201298b96abdf9f492fc2f1bf/pydantic_core-2.46.5-cp314-cp314t-manylinux_2_17_s390x.manylinux2014_s390x.whl" },
    { url = "https://pkgs.nathanv.app/pypi/packages/packages/f4/64/a4e536cb16d7f61a7fd3120b46c577fc7fa7325992f69c4f52bc786d77d8/pydantic_core-2.46.5-cp314-cp314t-manylinux_2_17_x86_64.manylinux2014_x86_64.whl" },
    { url = "https://pkgs.nathanv.app/pypi/packages/packages/5f/75/aaa38c6bc2d085f6605b34eabdc6a8a4e0b2e61fc9c8e6e52b28e97b3125/pydantic_core-2.46.5-cp314-cp314t-manylinux_2_31_riscv64.whl" },
    { url = "https://pkgs.nathanv.app/pypi/packages/packages/55/ae/fcab4cfc39aba3689e1d20c8b5250ad280957022c09af2ed9cd585602a5e/pydantic_core-2.46.5-cp314-cp314t-manylinux_2_5_i686.manylinux1_i686.whl" },
    { url = "https://pkgs.nathanv.app/pypi/packages/packages/2d/f4/f1d03a4bc9d9acbc62f4d742b8a319af52f71885079868b2ff8e48a651ee/pydantic_core-2.46.5-cp314-cp314t-musllinux_1_1_aarch64.whl" },
    { url = "https://pkgs.nathanv.app/pypi/packages/packages/83/f3/7a53bb1356de514a4cd295f25b6ac39237895620c0462d2592b76c16e114/pydantic_core-2.46.5-cp314-cp314t-musllinux_1_1_armv7l.whl" },
    { url = "https://pkgs.nathanv.app/pypi/packages/packages/cd/94/5a81583660c175c59d49ffb09f4b3a44debeaf86a19fca664ae1cdd9ee32/pydantic_core-2.46.5-cp314-cp314t-musllinux_1_1_x86_64.whl" },
    { url = "https://pkgs.nathanv.app/pypi/packages/packages/5a/9f/5d685c2693b972d1a59c998586e8823712b66603aeff47ee60a4bdaafd37/pydantic_core-2.46.5-cp314-cp314t-win32.whl" },
    { url = "https://pkgs.nathanv.app/pypi/packages/packages/70/12/5c94ee16d65a37a15f9e869f5e6256df111154491173801a4c5e800ab548/pydantic_core-2.46.5-cp314-cp314t-win_amd64.whl" },
    { url = "https://pkgs.nathanv.app/pypi/packages/packages/63/19/67830dda664e6bdf9285ee2e40f355d0d7d6b92aa0c42e8d217bb8d33d36/pydantic_core-2.46.5-cp314-cp314t-win_arm64.whl" },
]

[[package]]
name = "requests"
version = "2.34.2"
source = { registry = "https://pkgs.nathanv.app/pypi/simple" }
dependencies = [
    { name = "certifi" },
    { name = "charset-normalizer" },
    { name = "idna" },
    { name = "urllib3" },
]
sdist = { url = "https://pkgs.nathanv.app/pypi/packages/packages/ac/c3/e2a2b89f2d3e2179abd6d00ebd70bff6273f37fb3e0cc209f48b39d00cbf/requests-2.34.2.tar.gz" }
wheels = [
    { url = "https://pkgs.nathanv.app/pypi/packages/packages/a0/f4/c67b0b3f1b9245e8d266f0f112c500d50e5b4e83cb6f3b71b6528104182a/requests-2.34.2-py3-none-any.whl" },
]

[[package]]
name = "typing-extensions"
version = "4.16.0"
source = { registry = "https://pkgs.nathanv.app/pypi/simple" }
sdist = { url = "https://pkgs.nathanv.app/pypi/packages/packages/f6/cc/6253133b5bb138fc3306cebfbda2c520f545d36b5be2c7255cc528bb45d6/typing_extensions-4.16.0.tar.gz" }
wheels = [
    { url = "https://pkgs.nathanv.app/pypi/packages/packages/49/d3/b8441a820a491ddfc024b0b0cf0393375b75ea13866d9c66727e54c2fc80/typing_extensions-4.16.0-py3-none-any.whl" },
]

[[package]]
name = "typing-inspection"
version = "0.4.4"
source = { registry = "https://pkgs.nathanv.app/pypi/simple" }
dependencies = [
    { name = "typing-extensions" },
]
sdist = { url = "https://pkgs.nathanv.app/pypi/packages/packages/a3/26/b09b8010994eccc3c09092e6b34058f36a460eea2d4c3e8b910c695975a0/typing_inspection-0.4.4.tar.gz" }
wheels = [
    { url = "https://pkgs.nathanv.app/pypi/packages/packages/67/81/4add07e5172b7ac40d8ed5ff580409a7801a4fe26d529bdd915401dabfbe/typing_inspection-0.4.4-py3-none-any.whl" },
]

[[package]]
name = "urllib3"
version = "2.7.0"
source = { registry = "https://pkgs.nathanv.app/pypi/simple" }
sdist = { url = "https://pkgs.nathanv.app/pypi/packages/packages/53/0c/06f8b233b8fd13b9e5ee11424ef85419ba0d8ba0b3138bf360be2ff56953/urllib3-2.7.0.tar.gz" }
wheels = [
    { url = "https://pkgs.nathanv.app/pypi/packages/packages/7f/3e/5db95bcf282c52709639744ca2a8b149baccf648e39c8cc87553df9eae0c/urllib3-2.7.0-py3-none-any.whl" },
]
